
Microsoft Visual Studio Solution File, Format Version 11.00
# Visual Studio 2010
Project("{FAE04EC0-301F-11D3-BF4B-00C04F79EFBC}") = "Part-001-IntroductionToCSharp", "IntroductionToCSharp\Part-001-IntroductionToCSharp.csproj", "{D2B3ED03-00DA-4475-A74D-5A80E132D8DA}"
EndProject
Project("{FAE04EC0-301F-11D3-BF4B-00C04F79EFBC}") = "Part-002", "Part-002\Part-002.csproj", "{BA72CA19-49E6-46F5-8ACD-57889E2AAD27}"
EndProject
Project("{FAE04EC0-301F-11D3-BF4B-00C04F79EFBC}") = "Part-003", "Part-003\Part-003.csproj", "{50889F0C-C033-40F9-A6A2-B5F1FC76FF73}"
EndProject
Project("{FAE04EC0-301F-11D3-BF4B-00C04F79EFBC}") = "Part-004", "Part-004\Part-004.csproj", "{1475EC8B-BE83-4FD9-A3A1-6F67018C8BC1}"
EndProject
Project("{FAE04EC0-301F-11D3-BF4B-00C04F79EFBC}") = "Part-005", "Part-005\Part-005.csproj", "{080C020A-2AA5-4ADB-A619-9B9F7B3D4932}"
EndProject
Project("{FAE04EC0-301F-11D3-BF4B-00C04F79EFBC}") = "Part-006", "Part-006\Part-006.csproj", "{6E855CC7-18AB-4081-A1B0-AA5B6A2538FE}"
EndProject
Project("{FAE04EC0-301F-11D3-BF4B-00C04F79EFBC}") = "Part-007", "Part-007\Part-007.csproj", "{88BD0C78-63F1-4529-AD0E-C4CA29174DD7}"
EndProject
Project("{FAE04EC0-301F-11D3-BF4B-00C04F79EFBC}") = "Part-008", "Part-008\Part-008.csproj", "{5BF6C876-A90C-4BEB-A4B6-42ABF05C2FA8}"
EndProject
Project("{FAE04EC0-301F-11D3-BF4B-00C04F79EFBC}") = "Part-009", "Part-009\Part-009.csproj", "{03B5BA2D-E589-4B80-80A8-E075F7F0190C}"
EndProject
Project("{FAE04EC0-301F-11D3-BF4B-00C04F79EFBC}") = "Part-010", "Part-010\Part-010.csproj", "{437B72DC-2997-4B3F-AFA9-F6074563859A}"
EndProject
Project("{FAE04EC0-301F-11D3-BF4B-00C04F79EFBC}") = "Part-011", "Part-011\Part-011.csproj", "{01FCE760-5832-4E3E-BA23-CA8221720543}"
EndProject
Project("{FAE04EC0-301F-11D3-BF4B-00C04F79EFBC}") = "Part-012", "Part-012\Part-012.csproj", "{7A076594-B545-4F27-A74F-96ABE57B6AC0}"
EndProject
Project("{FAE04EC0-301F-11D3-BF4B-00C04F79EFBC}") = "Part-013", "Part-013\Part-013.csproj", "{335CAC45-3CFA-42EA-96FD-077223246EFC}"
EndProject
Project("{FAE04EC0-301F-11D3-BF4B-00C04F79EFBC}") = "Part-014", "Part-014\Part-014.csproj", "{63695FE2-9BA4-44BE-91B8-345402EB02EE}"
EndProject
Project("{FAE04EC0-301F-11D3-BF4B-00C04F79EFBC}") = "Part-015", "Part-015\Part-015.csproj", "{6113D76B-173F-40A4-A6BA-3F90ADA183B0}"
EndProject
Project("{FAE04EC0-301F-11D3-BF4B-00C04F79EFBC}") = "Part-016", "Part-016\Part-016.csproj", "{A8007F81-CB8F-47AF-81E2-C973C2F81784}"
EndProject
Project("{FAE04EC0-301F-11D3-BF4B-00C04F79EFBC}") = "Part-017", "Part-017\Part-017.csproj", "{8E3C04DA-9737-407B-B1FE-BE2F999D6761}"
EndProject
Project("{FAE04EC0-301F-11D3-BF4B-00C04F79EFBC}") = "Part-018", "Part-018\Part-018.csproj", "{36EA6724-A653-4897-9FEF-BF456EFA6C44}"
EndProject
Project("{FAE04EC0-301F-11D3-BF4B-00C04F79EFBC}") = "Part-019", "Part-019\Part-019.csproj", "{F4AFF1EF-B2A5-4F10-9559-4E5294CA8FBD}"
EndProject
Project("{FAE04EC0-301F-11D3-BF4B-00C04F79EFBC}") = "Part-020", "Part-020\Part-020.csproj", "{E7E56C84-85E7-40E6-8EF6-E557191B8729}"
EndProject
Project("{FAE04EC0-301F-11D3-BF4B-00C04F79EFBC}") = "Part-021", "Part-021\Part-021.csproj", "{C1A65465-5A7B-4D0C-B418-F75920EAA08A}"
EndProject
Project("{FAE04EC0-301F-11D3-BF4B-00C04F79EFBC}") = "Part-022", "Part-022\Part-022.csproj", "{B942CA4B-D03C-4D40-B533-82037EE1B1EC}"
EndProject
Project("{FAE04EC0-301F-11D3-BF4B-00C04F79EFBC}") = "Part-023", "Part-023\Part-023.csproj", "{E427EACA-5124-4551-9304-AF853E870B88}"
EndProject
Project("{FAE04EC0-301F-11D3-BF4B-00C04F79EFBC}") = "Part-024", "Part-024\Part-024.csproj", "{933C7E8C-EB08-4D21-A10F-D10136081C0A}"
EndProject
Project("{FAE04EC0-301F-11D3-BF4B-00C04F79EFBC}") = "Part-025", "Part-025\Part-025.csproj", "{96822027-E5D7-448E-B228-8B8F7A85FF8B}"
EndProject
Project("{FAE04EC0-301F-11D3-BF4B-00C04F79EFBC}") = "Part-026", "Part-026\Part-026.csproj", "{45D0D9D6-D219-493A-8185-FFC1FAF899FF}"
EndProject
Project("{FAE04EC0-301F-11D3-BF4B-00C04F79EFBC}") = "Part-027", "Part-027\Part-027.csproj", "{08DF4774-3958-46BA-842C-D8C7B7BC2DFE}"
EndProject
Project("{FAE04EC0-301F-11D3-BF4B-00C04F79EFBC}") = "Part-028", "Part-028\Part-028.csproj", "{6B4E0203-7F89-4D46-8E56-DF6C0FCF39F7}"
EndProject
Project("{FAE04EC0-301F-11D3-BF4B-00C04F79EFBC}") = "Part-029", "Part-029\Part-029.csproj", "{264379BC-5700-402C-B919-51F3CC2450CC}"
EndProject
Project("{FAE04EC0-301F-11D3-BF4B-00C04F79EFBC}") = "Part-030", "Part-030\Part-030.csproj", "{FD7CEBB0-EA92-4AD3-B5E8-925FAE702BA1}"
EndProject
Project("{FAE04EC0-301F-11D3-BF4B-00C04F79EFBC}") = "Part-031", "Part-031\Part-031.csproj", "{B42BD66A-8CA2-4F58-A4BF-2FB7401A2EF0}"
EndProject
Project("{FAE04EC0-301F-11D3-BF4B-00C04F79EFBC}") = "Part-032", "Part-032\Part-032.csproj", "{24A0DA6A-723F-4532-B6A5-F56FFDE53AC2}"
EndProject
Project("{FAE04EC0-301F-11D3-BF4B-00C04F79EFBC}") = "Part-033", "Part-033\Part-033.csproj", "{5B0304A3-3CB7-4CF8-996B-F8C325467264}"
EndProject
Project("{FAE04EC0-301F-11D3-BF4B-00C04F79EFBC}") = "Part-034", "Part-034\Part-034.csproj", "{BEB29845-A9CA-4239-92BF-0CE14C908161}"
EndProject
Project("{FAE04EC0-301F-11D3-BF4B-00C04F79EFBC}") = "Part-035", "Part-035\Part-035.csproj", "{E6F2CBD8-6DAE-42E2-BCA8-24F2114047E5}"
EndProject
Project("{FAE04EC0-301F-11D3-BF4B-00C04F79EFBC}") = "Part-036", "Part-036\Part-036.csproj", "{F35434F4-C5C8-4DDB-9A1D-B2E7E76A55A6}"
EndProject
Project("{FAE04EC0-301F-11D3-BF4B-00C04F79EFBC}") = "Part-037", "Part-037\Part-037.csproj", "{EC3E2824-7420-484A-B740-B17995FD0801}"
EndProject
Project("{FAE04EC0-301F-11D3-BF4B-00C04F79EFBC}") = "Part-038", "Part-038\Part-038.csproj", "{79FE2CBE-EF91-4212-9D7C-50FFD87B07F2}"
EndProject
Project("{FAE04EC0-301F-11D3-BF4B-00C04F79EFBC}") = "Part-039", "Part-039\Part-039.csproj", "{1008A6CC-FA39-45D1-9B46-4055FC1730FF}"
EndProject
Project("{FAE04EC0-301F-11D3-BF4B-00C04F79EFBC}") = "Part-040", "Part-040\Part-040.csproj", "{6427550E-1DF7-4D33-A16F-EFB84309F445}"
EndProject
Project("{FAE04EC0-301F-11D3-BF4B-00C04F79EFBC}") = "Part-041", "Part-041\Part-041.csproj", "{ECA3E18F-D26B-40BE-B4C1-5AD725B5146B}"
EndProject
Project("{FAE04EC0-301F-11D3-BF4B-00C04F79EFBC}") = "Part-042", "Part-042\Part-042.csproj", "{7B37280C-EFCF-4D27-A670-371595EC7C84}"
EndProject
Project("{FAE04EC0-301F-11D3-BF4B-00C04F79EFBC}") = "Part-043", "Part-043\Part-043.csproj", "{027CCFC1-8D80-48C8-9241-B2080C83BE4C}"
EndProject
Project("{FAE04EC0-301F-11D3-BF4B-00C04F79EFBC}") = "Part-044", "Part-044\Part-044.csproj", "{9DC174F6-110E-4B7D-AFB4-FAF36CE209FC}"
EndProject
Project("{FAE04EC0-301F-11D3-BF4B-00C04F79EFBC}") = "Part-045", "Part-045\Part-045.csproj", "{81FEBD0D-BE98-4C38-A183-88DEAC62FC3E}"
EndProject
Project("{FAE04EC0-301F-11D3-BF4B-00C04F79EFBC}") = "Part-046", "Part-046\Part-046.csproj", "{9157D02D-962D-475A-9663-647A22F381E8}"
EndProject
Project("{FAE04EC0-301F-11D3-BF4B-00C04F79EFBC}") = "Part-047", "Part-047\Part-047.csproj", "{CEE12668-D7A9-4877-A285-91E78620C460}"
EndProject
Project("{FAE04EC0-301F-11D3-BF4B-00C04F79EFBC}") = "Part-048", "Part-048\Part-048.csproj", "{59F68543-8845-446F-973C-FE1B76E3BB1A}"
EndProject
Project("{FAE04EC0-301F-11D3-BF4B-00C04F79EFBC}") = "Part-049", "Part-049\Part-049.csproj", "{A76F21AD-CCEA-4C59-A1C1-B4B7B67F93AE}"
EndProject
Project("{FAE04EC0-301F-11D3-BF4B-00C04F79EFBC}") = "Part-050", "Part-050\Part-050.csproj", "{7620ABF5-8A4B-4DF1-BB0D-49A863753D1E}"
EndProject
Project("{FAE04EC0-301F-11D3-BF4B-00C04F79EFBC}") = "Part-050-AssemblyOne", "Part-050-AssemblyOne\Part-050-AssemblyOne.csproj", "{19EB3BEA-09FF-4F93-B4A4-B916F1D765C6}"
EndProject
Project("{FAE04EC0-301F-11D3-BF4B-00C04F79EFBC}") = "Part-050-AssemblyTwo", "Part-050-AssemblyTwo\Part-050-AssemblyTwo.csproj", "{9E541CFE-D5A1-4588-8C4C-FA06D5E3CD69}"
EndProject
Project("{FAE04EC0-301F-11D3-BF4B-00C04F79EFBC}") = "Part-051", "Part-051\Part-051.csproj", "{85475E5C-2ADE-4390-B92F-EEF95513FECA}"
EndProject
Project("{FAE04EC0-301F-11D3-BF4B-00C04F79EFBC}") = "Part-051-AssemblyOne", "Part-051-AssemblyOne\Part-051-AssemblyOne.csproj", "{75A9C0F6-1C93-49C7-8AD9-8F86A05F03D0}"
EndProject
Project("{FAE04EC0-301F-11D3-BF4B-00C04F79EFBC}") = "Part-051-AssemblyTwo", "Part-051-AssemblyTwo\Part-051-AssemblyTwo.csproj", "{1AE331AC-191C-4A97-8CB3-E8F00BC86316}"
EndProject
Project("{FAE04EC0-301F-11D3-BF4B-00C04F79EFBC}") = "Part-052", "Part-052\Part-052.csproj", "{7CAA8060-6744-4C54-BA7E-01C2C1DA7147}"
EndProject
Project("{FAE04EC0-301F-11D3-BF4B-00C04F79EFBC}") = "Part-053", "Part-053\Part-053.csproj", "{21CD8D53-5FE9-4521-83AE-753952D55C88}"
EndProject
Project("{FAE04EC0-301F-11D3-BF4B-00C04F79EFBC}") = "Part-054", "Part-054\Part-054.csproj", "{09781AD3-8FCD-4347-99BB-925379A67439}"
EndProject
Project("{FAE04EC0-301F-11D3-BF4B-00C04F79EFBC}") = "Part-055", "Part-055\Part-055.csproj", "{A610CF45-C410-45F1-823C-C1900ECF6113}"
EndProject
Project("{FAE04EC0-301F-11D3-BF4B-00C04F79EFBC}") = "Part-056", "Part-056\Part-056.csproj", "{ADB583B0-6332-4CFD-A6AD-BE98D1F5B5B8}"
EndProject
Project("{FAE04EC0-301F-11D3-BF4B-00C04F79EFBC}") = "Part-057", "Part-057\Part-057.csproj", "{8364D017-A3F8-4695-8416-082C83DFA2F5}"
EndProject
Project("{FAE04EC0-301F-11D3-BF4B-00C04F79EFBC}") = "Part-058", "Part-058\Part-058.csproj", "{4C0D0CC8-9A3D-4F35-BA44-1BAF9ACCC34A}"
EndProject
Project("{FAE04EC0-301F-11D3-BF4B-00C04F79EFBC}") = "Part-059", "Part-059\Part-059.csproj", "{144F5EC9-D6E6-4728-B9E0-2C8CC70CF385}"
EndProject
Project("{FAE04EC0-301F-11D3-BF4B-00C04F79EFBC}") = "Part-060", "Part-060\Part-060.csproj", "{A13EEBBF-307C-4E43-A265-BFB52D2382A6}"
EndProject
Project("{FAE04EC0-301F-11D3-BF4B-00C04F79EFBC}") = "Part-061", "Part-061\Part-061.csproj", "{B5EFDF56-EAF7-4BD7-98F9-E2C499DA20F1}"
EndProject
Project("{FAE04EC0-301F-11D3-BF4B-00C04F79EFBC}") = "Part-062", "Part-062\Part-062.csproj", "{0416FD6D-6E2B-4F0D-B8C0-BB9547618ACE}"
EndProject
Project("{FAE04EC0-301F-11D3-BF4B-00C04F79EFBC}") = "Part-063", "Part-063\Part-063.csproj", "{76222318-F5F0-46C0-BE75-41F9A9472D64}"
EndProject
Project("{FAE04EC0-301F-11D3-BF4B-00C04F79EFBC}") = "Part-064", "Part-064\Part-064.csproj", "{725B42FB-DAD3-4B80-A7A7-DE4BF2BC4283}"
EndProject
Project("{FAE04EC0-301F-11D3-BF4B-00C04F79EFBC}") = "Part-065", "Part-065\Part-065.csproj", "{08A06238-56E1-4865-9192-CFAA7FF07811}"
EndProject
Project("{FAE04EC0-301F-11D3-BF4B-00C04F79EFBC}") = "Part-066", "Part-066\Part-066.csproj", "{7C239AB1-453A-40F2-9ADF-789116E6E2CB}"
EndProject
Project("{FAE04EC0-301F-11D3-BF4B-00C04F79EFBC}") = "Part-067", "Part-067\Part-067.csproj", "{E65DB943-1C7C-4D66-9986-2F8DFF27E2EA}"
EndProject
Project("{FAE04EC0-301F-11D3-BF4B-00C04F79EFBC}") = "Part-068", "Part-068\Part-068.csproj", "{0E5CD881-2082-4E22-8974-DC97A3374DDF}"
EndProject
Project("{FAE04EC0-301F-11D3-BF4B-00C04F79EFBC}") = "Part-069", "Part-069\Part-069.csproj", "{0E34D91E-2707-4D8A-8B9C-9F97F69B6928}"
EndProject
Project("{FAE04EC0-301F-11D3-BF4B-00C04F79EFBC}") = "Part-070", "Part-070\Part-070.csproj", "{5D3CB56B-59DF-4C4D-B2A2-F4450A199BAE}"
EndProject
Project("{FAE04EC0-301F-11D3-BF4B-00C04F79EFBC}") = "Part-071", "Part-071\Part-071.csproj", "{FD4321F1-5F7C-40C9-BD7C-8088E6F3AC68}"
EndProject
Project("{FAE04EC0-301F-11D3-BF4B-00C04F79EFBC}") = "Part-072", "Part-072\Part-072.csproj", "{6A09E592-27E6-409E-B365-FA51966BDCA2}"
EndProject
Project("{FAE04EC0-301F-11D3-BF4B-00C04F79EFBC}") = "Part-073", "Part-073\Part-073.csproj", "{5835166D-55E5-4216-B4C2-6BB450117610}"
EndProject
Project("{FAE04EC0-301F-11D3-BF4B-00C04F79EFBC}") = "Part-074", "Part-074\Part-074.csproj", "{DABD70B2-2674-40AC-BC9A-75154D5F228A}"
EndProject
Project("{FAE04EC0-301F-11D3-BF4B-00C04F79EFBC}") = "Part-075", "Part-075\Part-075.csproj", "{F01D6D7A-54DC-4CE6-8B6F-AB71B1A6AE09}"
EndProject
Project("{FAE04EC0-301F-11D3-BF4B-00C04F79EFBC}") = "Part-076", "Part-076\Part-076.csproj", "{9C0146E9-EC98-458B-BB8F-493AC074FA0F}"
EndProject
Project("{FAE04EC0-301F-11D3-BF4B-00C04F79EFBC}") = "Part-077", "Part-077\Part-077.csproj", "{ED5B22A5-02C6-4A60-976B-83F6A7860947}"
EndProject
Project("{FAE04EC0-301F-11D3-BF4B-00C04F79EFBC}") = "Part-078", "Part-078\Part-078.csproj", "{C4F89249-AD38-49EB-8759-9A4FAC095066}"
EndProject
Project("{FAE04EC0-301F-11D3-BF4B-00C04F79EFBC}") = "Part-079", "Part-079\Part-079.csproj", "{C7809869-CED1-4904-A368-F153EC8C7DB4}"
EndProject
Project("{FAE04EC0-301F-11D3-BF4B-00C04F79EFBC}") = "Part-080", "Part-080\Part-080.csproj", "{885E8839-C37E-4FCA-B2C3-04A940CCEE5D}"
EndProject
Project("{FAE04EC0-301F-11D3-BF4B-00C04F79EFBC}") = "Part-081", "Part-081\Part-081.csproj", "{CD149C2A-95DA-4485-8E6E-C412EC081068}"
EndProject
Project("{FAE04EC0-301F-11D3-BF4B-00C04F79EFBC}") = "Part-082", "Part-082\Part-082.csproj", "{33501C36-3A1F-4A6B-83B8-1FD4DE1C8F8D}"
EndProject
Project("{FAE04EC0-301F-11D3-BF4B-00C04F79EFBC}") = "Part-083", "Part-083\Part-083.csproj", "{8A4AA180-E5DF-4474-9101-556C26A1AFA0}"
EndProject
Project("{FAE04EC0-301F-11D3-BF4B-00C04F79EFBC}") = "Part-084", "Part-084\Part-084.csproj", "{DF9A7BD8-896B-4362-99E6-0E0289E65F33}"
EndProject
Project("{FAE04EC0-301F-11D3-BF4B-00C04F79EFBC}") = "Part-085", "Part-085\Part-085.csproj", "{FC711AB7-8E88-419A-B280-90935C5A4DC2}"
EndProject
Project("{FAE04EC0-301F-11D3-BF4B-00C04F79EFBC}") = "Part-086", "Part-086\Part-086.csproj", "{8659D34A-DF5E-4E80-B7D6-FA85F274D127}"
EndProject
Project("{FAE04EC0-301F-11D3-BF4B-00C04F79EFBC}") = "Part-087", "Part-087\Part-087.csproj", "{D6972075-D59C-4B89-8CF2-3E1B8B78D1FB}"
EndProject
Project("{FAE04EC0-301F-11D3-BF4B-00C04F79EFBC}") = "Part-088", "Part-088\Part-088.csproj", "{F9841EB6-952A-4622-BEAC-CB0035726E84}"
EndProject
Project("{FAE04EC0-301F-11D3-BF4B-00C04F79EFBC}") = "Part-089", "Part-089\Part-089.csproj", "{042BFF37-450F-4ECF-A345-EAA914AEBFAB}"
EndProject
Project("{FAE04EC0-301F-11D3-BF4B-00C04F79EFBC}") = "Part-090", "Part-090\Part-090.csproj", "{4CEF233B-B998-4A75-95F2-74EBC2AFC4E6}"
EndProject
Project("{FAE04EC0-301F-11D3-BF4B-00C04F79EFBC}") = "Part-091", "Part-091\Part-091.csproj", "{36D43B6F-C57F-418A-9A10-3407650145A7}"
EndProject
Project("{FAE04EC0-301F-11D3-BF4B-00C04F79EFBC}") = "Part-092", "Part-092\Part-092.csproj", "{EA91F3E8-3204-4CFD-9D7D-70FB2594B930}"
EndProject
Project("{FAE04EC0-301F-11D3-BF4B-00C04F79EFBC}") = "Part-093", "Part-093\Part-093.csproj", "{8F7341F5-960C-4BFC-BB32-FB7BF9C3520A}"
EndProject
Project("{FAE04EC0-301F-11D3-BF4B-00C04F79EFBC}") = "Part-094", "Part-094\Part-094.csproj", "{21B20B66-FED1-4E38-8926-1BC1ECB2EB53}"
EndProject
Project("{FAE04EC0-301F-11D3-BF4B-00C04F79EFBC}") = "Part-095", "Part-095\Part-095.csproj", "{CABF039F-CA01-46BC-9F8E-F7D420A178F1}"
EndProject
Project("{FAE04EC0-301F-11D3-BF4B-00C04F79EFBC}") = "Part-096", "Part-096\Part-096.csproj", "{4BA47FF8-1237-4EEF-B600-96DD191DD123}"
EndProject
Project("{FAE04EC0-301F-11D3-BF4B-00C04F79EFBC}") = "Part-097", "Part-097\Part-097.csproj", "{A6C7B22E-8408-4DF7-8E98-BFB423CF9264}"
EndProject
Project("{FAE04EC0-301F-11D3-BF4B-00C04F79EFBC}") = "Part-098", "Part-098\Part-098.csproj", "{D05BDAF0-4BD0-455F-9870-21C57D5527F8}"
EndProject
Project("{FAE04EC0-301F-11D3-BF4B-00C04F79EFBC}") = "Part-099", "Part-099\Part-099.csproj", "{5DBCC465-ED39-4AF9-A777-E006D4F805A1}"
EndProject
Project("{FAE04EC0-301F-11D3-BF4B-00C04F79EFBC}") = "Part-100", "Part-100\Part-100.csproj", "{D655C6B1-AD88-4502-B321-582EB53D1CD5}"
EndProject
Global
	GlobalSection(SolutionConfigurationPlatforms) = preSolution
		Debug|Any CPU = Debug|Any CPU
		Debug|Mixed Platforms = Debug|Mixed Platforms
		Debug|x86 = Debug|x86
		Release|Any CPU = Release|Any CPU
		Release|Mixed Platforms = Release|Mixed Platforms
		Release|x86 = Release|x86
	EndGlobalSection
	GlobalSection(ProjectConfigurationPlatforms) = postSolution
		{D2B3ED03-00DA-4475-A74D-5A80E132D8DA}.Debug|Any CPU.ActiveCfg = Debug|x86
		{D2B3ED03-00DA-4475-A74D-5A80E132D8DA}.Debug|Mixed Platforms.ActiveCfg = Debug|x86
		{D2B3ED03-00DA-4475-A74D-5A80E132D8DA}.Debug|Mixed Platforms.Build.0 = Debug|x86
		{D2B3ED03-00DA-4475-A74D-5A80E132D8DA}.Debug|x86.ActiveCfg = Debug|x86
		{D2B3ED03-00DA-4475-A74D-5A80E132D8DA}.Debug|x86.Build.0 = Debug|x86
		{D2B3ED03-00DA-4475-A74D-5A80E132D8DA}.Release|Any CPU.ActiveCfg = Release|x86
		{D2B3ED03-00DA-4475-A74D-5A80E132D8DA}.Release|Mixed Platforms.ActiveCfg = Release|x86
		{D2B3ED03-00DA-4475-A74D-5A80E132D8DA}.Release|Mixed Platforms.Build.0 = Release|x86
		{D2B3ED03-00DA-4475-A74D-5A80E132D8DA}.Release|x86.ActiveCfg = Release|x86
		{D2B3ED03-00DA-4475-A74D-5A80E132D8DA}.Release|x86.Build.0 = Release|x86
		{BA72CA19-49E6-46F5-8ACD-57889E2AAD27}.Debug|Any CPU.ActiveCfg = Debug|x86
		{BA72CA19-49E6-46F5-8ACD-57889E2AAD27}.Debug|Mixed Platforms.ActiveCfg = Debug|x86
		{BA72CA19-49E6-46F5-8ACD-57889E2AAD27}.Debug|Mixed Platforms.Build.0 = Debug|x86
		{BA72CA19-49E6-46F5-8ACD-57889E2AAD27}.Debug|x86.ActiveCfg = Debug|x86
		{BA72CA19-49E6-46F5-8ACD-57889E2AAD27}.Debug|x86.Build.0 = Debug|x86
		{BA72CA19-49E6-46F5-8ACD-57889E2AAD27}.Release|Any CPU.ActiveCfg = Release|x86
		{BA72CA19-49E6-46F5-8ACD-57889E2AAD27}.Release|Mixed Platforms.ActiveCfg = Release|x86
		{BA72CA19-49E6-46F5-8ACD-57889E2AAD27}.Release|Mixed Platforms.Build.0 = Release|x86
		{BA72CA19-49E6-46F5-8ACD-57889E2AAD27}.Release|x86.ActiveCfg = Release|x86
		{BA72CA19-49E6-46F5-8ACD-57889E2AAD27}.Release|x86.Build.0 = Release|x86
		{50889F0C-C033-40F9-A6A2-B5F1FC76FF73}.Debug|Any CPU.ActiveCfg = Debug|x86
		{50889F0C-C033-40F9-A6A2-B5F1FC76FF73}.Debug|Mixed Platforms.ActiveCfg = Debug|x86
		{50889F0C-C033-40F9-A6A2-B5F1FC76FF73}.Debug|Mixed Platforms.Build.0 = Debug|x86
		{50889F0C-C033-40F9-A6A2-B5F1FC76FF73}.Debug|x86.ActiveCfg = Debug|x86
		{50889F0C-C033-40F9-A6A2-B5F1FC76FF73}.Debug|x86.Build.0 = Debug|x86
		{50889F0C-C033-40F9-A6A2-B5F1FC76FF73}.Release|Any CPU.ActiveCfg = Release|x86
		{50889F0C-C033-40F9-A6A2-B5F1FC76FF73}.Release|Mixed Platforms.ActiveCfg = Release|x86
		{50889F0C-C033-40F9-A6A2-B5F1FC76FF73}.Release|Mixed Platforms.Build.0 = Release|x86
		{50889F0C-C033-40F9-A6A2-B5F1FC76FF73}.Release|x86.ActiveCfg = Release|x86
		{50889F0C-C033-40F9-A6A2-B5F1FC76FF73}.Release|x86.Build.0 = Release|x86
		{1475EC8B-BE83-4FD9-A3A1-6F67018C8BC1}.Debug|Any CPU.ActiveCfg = Debug|x86
		{1475EC8B-BE83-4FD9-A3A1-6F67018C8BC1}.Debug|Mixed Platforms.ActiveCfg = Debug|x86
		{1475EC8B-BE83-4FD9-A3A1-6F67018C8BC1}.Debug|Mixed Platforms.Build.0 = Debug|x86
		{1475EC8B-BE83-4FD9-A3A1-6F67018C8BC1}.Debug|x86.ActiveCfg = Debug|x86
		{1475EC8B-BE83-4FD9-A3A1-6F67018C8BC1}.Debug|x86.Build.0 = Debug|x86
		{1475EC8B-BE83-4FD9-A3A1-6F67018C8BC1}.Release|Any CPU.ActiveCfg = Release|x86
		{1475EC8B-BE83-4FD9-A3A1-6F67018C8BC1}.Release|Mixed Platforms.ActiveCfg = Release|x86
		{1475EC8B-BE83-4FD9-A3A1-6F67018C8BC1}.Release|Mixed Platforms.Build.0 = Release|x86
		{1475EC8B-BE83-4FD9-A3A1-6F67018C8BC1}.Release|x86.ActiveCfg = Release|x86
		{1475EC8B-BE83-4FD9-A3A1-6F67018C8BC1}.Release|x86.Build.0 = Release|x86
		{080C020A-2AA5-4ADB-A619-9B9F7B3D4932}.Debug|Any CPU.ActiveCfg = Debug|x86
		{080C020A-2AA5-4ADB-A619-9B9F7B3D4932}.Debug|Mixed Platforms.ActiveCfg = Debug|x86
		{080C020A-2AA5-4ADB-A619-9B9F7B3D4932}.Debug|Mixed Platforms.Build.0 = Debug|x86
		{080C020A-2AA5-4ADB-A619-9B9F7B3D4932}.Debug|x86.ActiveCfg = Debug|x86
		{080C020A-2AA5-4ADB-A619-9B9F7B3D4932}.Debug|x86.Build.0 = Debug|x86
		{080C020A-2AA5-4ADB-A619-9B9F7B3D4932}.Release|Any CPU.ActiveCfg = Release|x86
		{080C020A-2AA5-4ADB-A619-9B9F7B3D4932}.Release|Mixed Platforms.ActiveCfg = Release|x86
		{080C020A-2AA5-4ADB-A619-9B9F7B3D4932}.Release|Mixed Platforms.Build.0 = Release|x86
		{080C020A-2AA5-4ADB-A619-9B9F7B3D4932}.Release|x86.ActiveCfg = Release|x86
		{080C020A-2AA5-4ADB-A619-9B9F7B3D4932}.Release|x86.Build.0 = Release|x86
		{6E855CC7-18AB-4081-A1B0-AA5B6A2538FE}.Debug|Any CPU.ActiveCfg = Debug|x86
		{6E855CC7-18AB-4081-A1B0-AA5B6A2538FE}.Debug|Mixed Platforms.ActiveCfg = Debug|x86
		{6E855CC7-18AB-4081-A1B0-AA5B6A2538FE}.Debug|Mixed Platforms.Build.0 = Debug|x86
		{6E855CC7-18AB-4081-A1B0-AA5B6A2538FE}.Debug|x86.ActiveCfg = Debug|x86
		{6E855CC7-18AB-4081-A1B0-AA5B6A2538FE}.Debug|x86.Build.0 = Debug|x86
		{6E855CC7-18AB-4081-A1B0-AA5B6A2538FE}.Release|Any CPU.ActiveCfg = Release|x86
		{6E855CC7-18AB-4081-A1B0-AA5B6A2538FE}.Release|Mixed Platforms.ActiveCfg = Release|x86
		{6E855CC7-18AB-4081-A1B0-AA5B6A2538FE}.Release|Mixed Platforms.Build.0 = Release|x86
		{6E855CC7-18AB-4081-A1B0-AA5B6A2538FE}.Release|x86.ActiveCfg = Release|x86
		{6E855CC7-18AB-4081-A1B0-AA5B6A2538FE}.Release|x86.Build.0 = Release|x86
		{88BD0C78-63F1-4529-AD0E-C4CA29174DD7}.Debug|Any CPU.ActiveCfg = Debug|x86
		{88BD0C78-63F1-4529-AD0E-C4CA29174DD7}.Debug|Mixed Platforms.ActiveCfg = Debug|x86
		{88BD0C78-63F1-4529-AD0E-C4CA29174DD7}.Debug|Mixed Platforms.Build.0 = Debug|x86
		{88BD0C78-63F1-4529-AD0E-C4CA29174DD7}.Debug|x86.ActiveCfg = Debug|x86
		{88BD0C78-63F1-4529-AD0E-C4CA29174DD7}.Debug|x86.Build.0 = Debug|x86
		{88BD0C78-63F1-4529-AD0E-C4CA29174DD7}.Release|Any CPU.ActiveCfg = Release|x86
		{88BD0C78-63F1-4529-AD0E-C4CA29174DD7}.Release|Mixed Platforms.ActiveCfg = Release|x86
		{88BD0C78-63F1-4529-AD0E-C4CA29174DD7}.Release|Mixed Platforms.Build.0 = Release|x86
		{88BD0C78-63F1-4529-AD0E-C4CA29174DD7}.Release|x86.ActiveCfg = Release|x86
		{88BD0C78-63F1-4529-AD0E-C4CA29174DD7}.Release|x86.Build.0 = Release|x86
		{5BF6C876-A90C-4BEB-A4B6-42ABF05C2FA8}.Debug|Any CPU.ActiveCfg = Debug|x86
		{5BF6C876-A90C-4BEB-A4B6-42ABF05C2FA8}.Debug|Mixed Platforms.ActiveCfg = Debug|x86
		{5BF6C876-A90C-4BEB-A4B6-42ABF05C2FA8}.Debug|Mixed Platforms.Build.0 = Debug|x86
		{5BF6C876-A90C-4BEB-A4B6-42ABF05C2FA8}.Debug|x86.ActiveCfg = Debug|x86
		{5BF6C876-A90C-4BEB-A4B6-42ABF05C2FA8}.Debug|x86.Build.0 = Debug|x86
		{5BF6C876-A90C-4BEB-A4B6-42ABF05C2FA8}.Release|Any CPU.ActiveCfg = Release|x86
		{5BF6C876-A90C-4BEB-A4B6-42ABF05C2FA8}.Release|Mixed Platforms.ActiveCfg = Release|x86
		{5BF6C876-A90C-4BEB-A4B6-42ABF05C2FA8}.Release|Mixed Platforms.Build.0 = Release|x86
		{5BF6C876-A90C-4BEB-A4B6-42ABF05C2FA8}.Release|x86.ActiveCfg = Release|x86
		{5BF6C876-A90C-4BEB-A4B6-42ABF05C2FA8}.Release|x86.Build.0 = Release|x86
		{03B5BA2D-E589-4B80-80A8-E075F7F0190C}.Debug|Any CPU.ActiveCfg = Debug|x86
		{03B5BA2D-E589-4B80-80A8-E075F7F0190C}.Debug|Mixed Platforms.ActiveCfg = Debug|x86
		{03B5BA2D-E589-4B80-80A8-E075F7F0190C}.Debug|Mixed Platforms.Build.0 = Debug|x86
		{03B5BA2D-E589-4B80-80A8-E075F7F0190C}.Debug|x86.ActiveCfg = Debug|x86
		{03B5BA2D-E589-4B80-80A8-E075F7F0190C}.Debug|x86.Build.0 = Debug|x86
		{03B5BA2D-E589-4B80-80A8-E075F7F0190C}.Release|Any CPU.ActiveCfg = Release|x86
		{03B5BA2D-E589-4B80-80A8-E075F7F0190C}.Release|Mixed Platforms.ActiveCfg = Release|x86
		{03B5BA2D-E589-4B80-80A8-E075F7F0190C}.Release|Mixed Platforms.Build.0 = Release|x86
		{03B5BA2D-E589-4B80-80A8-E075F7F0190C}.Release|x86.ActiveCfg = Release|x86
		{03B5BA2D-E589-4B80-80A8-E075F7F0190C}.Release|x86.Build.0 = Release|x86
		{437B72DC-2997-4B3F-AFA9-F6074563859A}.Debug|Any CPU.ActiveCfg = Debug|x86
		{437B72DC-2997-4B3F-AFA9-F6074563859A}.Debug|Mixed Platforms.ActiveCfg = Debug|x86
		{437B72DC-2997-4B3F-AFA9-F6074563859A}.Debug|Mixed Platforms.Build.0 = Debug|x86
		{437B72DC-2997-4B3F-AFA9-F6074563859A}.Debug|x86.ActiveCfg = Debug|x86
		{437B72DC-2997-4B3F-AFA9-F6074563859A}.Debug|x86.Build.0 = Debug|x86
		{437B72DC-2997-4B3F-AFA9-F6074563859A}.Release|Any CPU.ActiveCfg = Release|x86
		{437B72DC-2997-4B3F-AFA9-F6074563859A}.Release|Mixed Platforms.ActiveCfg = Release|x86
		{437B72DC-2997-4B3F-AFA9-F6074563859A}.Release|Mixed Platforms.Build.0 = Release|x86
		{437B72DC-2997-4B3F-AFA9-F6074563859A}.Release|x86.ActiveCfg = Release|x86
		{437B72DC-2997-4B3F-AFA9-F6074563859A}.Release|x86.Build.0 = Release|x86
		{01FCE760-5832-4E3E-BA23-CA8221720543}.Debug|Any CPU.ActiveCfg = Debug|x86
		{01FCE760-5832-4E3E-BA23-CA8221720543}.Debug|Mixed Platforms.ActiveCfg = Debug|x86
		{01FCE760-5832-4E3E-BA23-CA8221720543}.Debug|Mixed Platforms.Build.0 = Debug|x86
		{01FCE760-5832-4E3E-BA23-CA8221720543}.Debug|x86.ActiveCfg = Debug|x86
		{01FCE760-5832-4E3E-BA23-CA8221720543}.Debug|x86.Build.0 = Debug|x86
		{01FCE760-5832-4E3E-BA23-CA8221720543}.Release|Any CPU.ActiveCfg = Release|x86
		{01FCE760-5832-4E3E-BA23-CA8221720543}.Release|Mixed Platforms.ActiveCfg = Release|x86
		{01FCE760-5832-4E3E-BA23-CA8221720543}.Release|Mixed Platforms.Build.0 = Release|x86
		{01FCE760-5832-4E3E-BA23-CA8221720543}.Release|x86.ActiveCfg = Release|x86
		{01FCE760-5832-4E3E-BA23-CA8221720543}.Release|x86.Build.0 = Release|x86
		{7A076594-B545-4F27-A74F-96ABE57B6AC0}.Debug|Any CPU.ActiveCfg = Debug|x86
		{7A076594-B545-4F27-A74F-96ABE57B6AC0}.Debug|Mixed Platforms.ActiveCfg = Debug|x86
		{7A076594-B545-4F27-A74F-96ABE57B6AC0}.Debug|Mixed Platforms.Build.0 = Debug|x86
		{7A076594-B545-4F27-A74F-96ABE57B6AC0}.Debug|x86.ActiveCfg = Debug|x86
		{7A076594-B545-4F27-A74F-96ABE57B6AC0}.Debug|x86.Build.0 = Debug|x86
		{7A076594-B545-4F27-A74F-96ABE57B6AC0}.Release|Any CPU.ActiveCfg = Release|x86
		{7A076594-B545-4F27-A74F-96ABE57B6AC0}.Release|Mixed Platforms.ActiveCfg = Release|x86
		{7A076594-B545-4F27-A74F-96ABE57B6AC0}.Release|Mixed Platforms.Build.0 = Release|x86
		{7A076594-B545-4F27-A74F-96ABE57B6AC0}.Release|x86.ActiveCfg = Release|x86
		{7A076594-B545-4F27-A74F-96ABE57B6AC0}.Release|x86.Build.0 = Release|x86
		{335CAC45-3CFA-42EA-96FD-077223246EFC}.Debug|Any CPU.ActiveCfg = Debug|x86
		{335CAC45-3CFA-42EA-96FD-077223246EFC}.Debug|Mixed Platforms.ActiveCfg = Debug|x86
		{335CAC45-3CFA-42EA-96FD-077223246EFC}.Debug|Mixed Platforms.Build.0 = Debug|x86
		{335CAC45-3CFA-42EA-96FD-077223246EFC}.Debug|x86.ActiveCfg = Debug|x86
		{335CAC45-3CFA-42EA-96FD-077223246EFC}.Debug|x86.Build.0 = Debug|x86
		{335CAC45-3CFA-42EA-96FD-077223246EFC}.Release|Any CPU.ActiveCfg = Release|x86
		{335CAC45-3CFA-42EA-96FD-077223246EFC}.Release|Mixed Platforms.ActiveCfg = Release|x86
		{335CAC45-3CFA-42EA-96FD-077223246EFC}.Release|Mixed Platforms.Build.0 = Release|x86
		{335CAC45-3CFA-42EA-96FD-077223246EFC}.Release|x86.ActiveCfg = Release|x86
		{335CAC45-3CFA-42EA-96FD-077223246EFC}.Release|x86.Build.0 = Release|x86
		{63695FE2-9BA4-44BE-91B8-345402EB02EE}.Debug|Any CPU.ActiveCfg = Debug|x86
		{63695FE2-9BA4-44BE-91B8-345402EB02EE}.Debug|Mixed Platforms.ActiveCfg = Debug|x86
		{63695FE2-9BA4-44BE-91B8-345402EB02EE}.Debug|Mixed Platforms.Build.0 = Debug|x86
		{63695FE2-9BA4-44BE-91B8-345402EB02EE}.Debug|x86.ActiveCfg = Debug|x86
		{63695FE2-9BA4-44BE-91B8-345402EB02EE}.Debug|x86.Build.0 = Debug|x86
		{63695FE2-9BA4-44BE-91B8-345402EB02EE}.Release|Any CPU.ActiveCfg = Release|x86
		{63695FE2-9BA4-44BE-91B8-345402EB02EE}.Release|Mixed Platforms.ActiveCfg = Release|x86
		{63695FE2-9BA4-44BE-91B8-345402EB02EE}.Release|Mixed Platforms.Build.0 = Release|x86
		{63695FE2-9BA4-44BE-91B8-345402EB02EE}.Release|x86.ActiveCfg = Release|x86
		{63695FE2-9BA4-44BE-91B8-345402EB02EE}.Release|x86.Build.0 = Release|x86
		{6113D76B-173F-40A4-A6BA-3F90ADA183B0}.Debug|Any CPU.ActiveCfg = Debug|x86
		{6113D76B-173F-40A4-A6BA-3F90ADA183B0}.Debug|Mixed Platforms.ActiveCfg = Debug|x86
		{6113D76B-173F-40A4-A6BA-3F90ADA183B0}.Debug|Mixed Platforms.Build.0 = Debug|x86
		{6113D76B-173F-40A4-A6BA-3F90ADA183B0}.Debug|x86.ActiveCfg = Debug|x86
		{6113D76B-173F-40A4-A6BA-3F90ADA183B0}.Debug|x86.Build.0 = Debug|x86
		{6113D76B-173F-40A4-A6BA-3F90ADA183B0}.Release|Any CPU.ActiveCfg = Release|x86
		{6113D76B-173F-40A4-A6BA-3F90ADA183B0}.Release|Mixed Platforms.ActiveCfg = Release|x86
		{6113D76B-173F-40A4-A6BA-3F90ADA183B0}.Release|Mixed Platforms.Build.0 = Release|x86
		{6113D76B-173F-40A4-A6BA-3F90ADA183B0}.Release|x86.ActiveCfg = Release|x86
		{6113D76B-173F-40A4-A6BA-3F90ADA183B0}.Release|x86.Build.0 = Release|x86
		{A8007F81-CB8F-47AF-81E2-C973C2F81784}.Debug|Any CPU.ActiveCfg = Debug|x86
		{A8007F81-CB8F-47AF-81E2-C973C2F81784}.Debug|Mixed Platforms.ActiveCfg = Debug|x86
		{A8007F81-CB8F-47AF-81E2-C973C2F81784}.Debug|Mixed Platforms.Build.0 = Debug|x86
		{A8007F81-CB8F-47AF-81E2-C973C2F81784}.Debug|x86.ActiveCfg = Debug|x86
		{A8007F81-CB8F-47AF-81E2-C973C2F81784}.Debug|x86.Build.0 = Debug|x86
		{A8007F81-CB8F-47AF-81E2-C973C2F81784}.Release|Any CPU.ActiveCfg = Release|x86
		{A8007F81-CB8F-47AF-81E2-C973C2F81784}.Release|Mixed Platforms.ActiveCfg = Release|x86
		{A8007F81-CB8F-47AF-81E2-C973C2F81784}.Release|Mixed Platforms.Build.0 = Release|x86
		{A8007F81-CB8F-47AF-81E2-C973C2F81784}.Release|x86.ActiveCfg = Release|x86
		{A8007F81-CB8F-47AF-81E2-C973C2F81784}.Release|x86.Build.0 = Release|x86
		{8E3C04DA-9737-407B-B1FE-BE2F999D6761}.Debug|Any CPU.ActiveCfg = Debug|x86
		{8E3C04DA-9737-407B-B1FE-BE2F999D6761}.Debug|Mixed Platforms.ActiveCfg = Debug|x86
		{8E3C04DA-9737-407B-B1FE-BE2F999D6761}.Debug|Mixed Platforms.Build.0 = Debug|x86
		{8E3C04DA-9737-407B-B1FE-BE2F999D6761}.Debug|x86.ActiveCfg = Debug|x86
		{8E3C04DA-9737-407B-B1FE-BE2F999D6761}.Debug|x86.Build.0 = Debug|x86
		{8E3C04DA-9737-407B-B1FE-BE2F999D6761}.Release|Any CPU.ActiveCfg = Release|x86
		{8E3C04DA-9737-407B-B1FE-BE2F999D6761}.Release|Mixed Platforms.ActiveCfg = Release|x86
		{8E3C04DA-9737-407B-B1FE-BE2F999D6761}.Release|Mixed Platforms.Build.0 = Release|x86
		{8E3C04DA-9737-407B-B1FE-BE2F999D6761}.Release|x86.ActiveCfg = Release|x86
		{8E3C04DA-9737-407B-B1FE-BE2F999D6761}.Release|x86.Build.0 = Release|x86
		{36EA6724-A653-4897-9FEF-BF456EFA6C44}.Debug|Any CPU.ActiveCfg = Debug|x86
		{36EA6724-A653-4897-9FEF-BF456EFA6C44}.Debug|Mixed Platforms.ActiveCfg = Debug|x86
		{36EA6724-A653-4897-9FEF-BF456EFA6C44}.Debug|Mixed Platforms.Build.0 = Debug|x86
		{36EA6724-A653-4897-9FEF-BF456EFA6C44}.Debug|x86.ActiveCfg = Debug|x86
		{36EA6724-A653-4897-9FEF-BF456EFA6C44}.Debug|x86.Build.0 = Debug|x86
		{36EA6724-A653-4897-9FEF-BF456EFA6C44}.Release|Any CPU.ActiveCfg = Release|x86
		{36EA6724-A653-4897-9FEF-BF456EFA6C44}.Release|Mixed Platforms.ActiveCfg = Release|x86
		{36EA6724-A653-4897-9FEF-BF456EFA6C44}.Release|Mixed Platforms.Build.0 = Release|x86
		{36EA6724-A653-4897-9FEF-BF456EFA6C44}.Release|x86.ActiveCfg = Release|x86
		{36EA6724-A653-4897-9FEF-BF456EFA6C44}.Release|x86.Build.0 = Release|x86
		{F4AFF1EF-B2A5-4F10-9559-4E5294CA8FBD}.Debug|Any CPU.ActiveCfg = Debug|x86
		{F4AFF1EF-B2A5-4F10-9559-4E5294CA8FBD}.Debug|Mixed Platforms.ActiveCfg = Debug|x86
		{F4AFF1EF-B2A5-4F10-9559-4E5294CA8FBD}.Debug|Mixed Platforms.Build.0 = Debug|x86
		{F4AFF1EF-B2A5-4F10-9559-4E5294CA8FBD}.Debug|x86.ActiveCfg = Debug|x86
		{F4AFF1EF-B2A5-4F10-9559-4E5294CA8FBD}.Debug|x86.Build.0 = Debug|x86
		{F4AFF1EF-B2A5-4F10-9559-4E5294CA8FBD}.Release|Any CPU.ActiveCfg = Release|x86
		{F4AFF1EF-B2A5-4F10-9559-4E5294CA8FBD}.Release|Mixed Platforms.ActiveCfg = Release|x86
		{F4AFF1EF-B2A5-4F10-9559-4E5294CA8FBD}.Release|Mixed Platforms.Build.0 = Release|x86
		{F4AFF1EF-B2A5-4F10-9559-4E5294CA8FBD}.Release|x86.ActiveCfg = Release|x86
		{F4AFF1EF-B2A5-4F10-9559-4E5294CA8FBD}.Release|x86.Build.0 = Release|x86
		{E7E56C84-85E7-40E6-8EF6-E557191B8729}.Debug|Any CPU.ActiveCfg = Debug|x86
		{E7E56C84-85E7-40E6-8EF6-E557191B8729}.Debug|Mixed Platforms.ActiveCfg = Debug|x86
		{E7E56C84-85E7-40E6-8EF6-E557191B8729}.Debug|Mixed Platforms.Build.0 = Debug|x86
		{E7E56C84-85E7-40E6-8EF6-E557191B8729}.Debug|x86.ActiveCfg = Debug|x86
		{E7E56C84-85E7-40E6-8EF6-E557191B8729}.Debug|x86.Build.0 = Debug|x86
		{E7E56C84-85E7-40E6-8EF6-E557191B8729}.Release|Any CPU.ActiveCfg = Release|x86
		{E7E56C84-85E7-40E6-8EF6-E557191B8729}.Release|Mixed Platforms.ActiveCfg = Release|x86
		{E7E56C84-85E7-40E6-8EF6-E557191B8729}.Release|Mixed Platforms.Build.0 = Release|x86
		{E7E56C84-85E7-40E6-8EF6-E557191B8729}.Release|x86.ActiveCfg = Release|x86
		{E7E56C84-85E7-40E6-8EF6-E557191B8729}.Release|x86.Build.0 = Release|x86
		{C1A65465-5A7B-4D0C-B418-F75920EAA08A}.Debug|Any CPU.ActiveCfg = Debug|x86
		{C1A65465-5A7B-4D0C-B418-F75920EAA08A}.Debug|Mixed Platforms.ActiveCfg = Debug|x86
		{C1A65465-5A7B-4D0C-B418-F75920EAA08A}.Debug|Mixed Platforms.Build.0 = Debug|x86
		{C1A65465-5A7B-4D0C-B418-F75920EAA08A}.Debug|x86.ActiveCfg = Debug|x86
		{C1A65465-5A7B-4D0C-B418-F75920EAA08A}.Debug|x86.Build.0 = Debug|x86
		{C1A65465-5A7B-4D0C-B418-F75920EAA08A}.Release|Any CPU.ActiveCfg = Release|x86
		{C1A65465-5A7B-4D0C-B418-F75920EAA08A}.Release|Mixed Platforms.ActiveCfg = Release|x86
		{C1A65465-5A7B-4D0C-B418-F75920EAA08A}.Release|Mixed Platforms.Build.0 = Release|x86
		{C1A65465-5A7B-4D0C-B418-F75920EAA08A}.Release|x86.ActiveCfg = Release|x86
		{C1A65465-5A7B-4D0C-B418-F75920EAA08A}.Release|x86.Build.0 = Release|x86
		{B942CA4B-D03C-4D40-B533-82037EE1B1EC}.Debug|Any CPU.ActiveCfg = Debug|x86
		{B942CA4B-D03C-4D40-B533-82037EE1B1EC}.Debug|Mixed Platforms.ActiveCfg = Debug|x86
		{B942CA4B-D03C-4D40-B533-82037EE1B1EC}.Debug|Mixed Platforms.Build.0 = Debug|x86
		{B942CA4B-D03C-4D40-B533-82037EE1B1EC}.Debug|x86.ActiveCfg = Debug|x86
		{B942CA4B-D03C-4D40-B533-82037EE1B1EC}.Debug|x86.Build.0 = Debug|x86
		{B942CA4B-D03C-4D40-B533-82037EE1B1EC}.Release|Any CPU.ActiveCfg = Release|x86
		{B942CA4B-D03C-4D40-B533-82037EE1B1EC}.Release|Mixed Platforms.ActiveCfg = Release|x86
		{B942CA4B-D03C-4D40-B533-82037EE1B1EC}.Release|Mixed Platforms.Build.0 = Release|x86
		{B942CA4B-D03C-4D40-B533-82037EE1B1EC}.Release|x86.ActiveCfg = Release|x86
		{B942CA4B-D03C-4D40-B533-82037EE1B1EC}.Release|x86.Build.0 = Release|x86
		{E427EACA-5124-4551-9304-AF853E870B88}.Debug|Any CPU.ActiveCfg = Debug|x86
		{E427EACA-5124-4551-9304-AF853E870B88}.Debug|Mixed Platforms.ActiveCfg = Debug|x86
		{E427EACA-5124-4551-9304-AF853E870B88}.Debug|Mixed Platforms.Build.0 = Debug|x86
		{E427EACA-5124-4551-9304-AF853E870B88}.Debug|x86.ActiveCfg = Debug|x86
		{E427EACA-5124-4551-9304-AF853E870B88}.Debug|x86.Build.0 = Debug|x86
		{E427EACA-5124-4551-9304-AF853E870B88}.Release|Any CPU.ActiveCfg = Release|x86
		{E427EACA-5124-4551-9304-AF853E870B88}.Release|Mixed Platforms.ActiveCfg = Release|x86
		{E427EACA-5124-4551-9304-AF853E870B88}.Release|Mixed Platforms.Build.0 = Release|x86
		{E427EACA-5124-4551-9304-AF853E870B88}.Release|x86.ActiveCfg = Release|x86
		{E427EACA-5124-4551-9304-AF853E870B88}.Release|x86.Build.0 = Release|x86
		{933C7E8C-EB08-4D21-A10F-D10136081C0A}.Debug|Any CPU.ActiveCfg = Debug|x86
		{933C7E8C-EB08-4D21-A10F-D10136081C0A}.Debug|Mixed Platforms.ActiveCfg = Debug|x86
		{933C7E8C-EB08-4D21-A10F-D10136081C0A}.Debug|Mixed Platforms.Build.0 = Debug|x86
		{933C7E8C-EB08-4D21-A10F-D10136081C0A}.Debug|x86.ActiveCfg = Debug|x86
		{933C7E8C-EB08-4D21-A10F-D10136081C0A}.Debug|x86.Build.0 = Debug|x86
		{933C7E8C-EB08-4D21-A10F-D10136081C0A}.Release|Any CPU.ActiveCfg = Release|x86
		{933C7E8C-EB08-4D21-A10F-D10136081C0A}.Release|Mixed Platforms.ActiveCfg = Release|x86
		{933C7E8C-EB08-4D21-A10F-D10136081C0A}.Release|Mixed Platforms.Build.0 = Release|x86
		{933C7E8C-EB08-4D21-A10F-D10136081C0A}.Release|x86.ActiveCfg = Release|x86
		{933C7E8C-EB08-4D21-A10F-D10136081C0A}.Release|x86.Build.0 = Release|x86
		{96822027-E5D7-448E-B228-8B8F7A85FF8B}.Debug|Any CPU.ActiveCfg = Debug|x86
		{96822027-E5D7-448E-B228-8B8F7A85FF8B}.Debug|Mixed Platforms.ActiveCfg = Debug|x86
		{96822027-E5D7-448E-B228-8B8F7A85FF8B}.Debug|Mixed Platforms.Build.0 = Debug|x86
		{96822027-E5D7-448E-B228-8B8F7A85FF8B}.Debug|x86.ActiveCfg = Debug|x86
		{96822027-E5D7-448E-B228-8B8F7A85FF8B}.Debug|x86.Build.0 = Debug|x86
		{96822027-E5D7-448E-B228-8B8F7A85FF8B}.Release|Any CPU.ActiveCfg = Release|x86
		{96822027-E5D7-448E-B228-8B8F7A85FF8B}.Release|Mixed Platforms.ActiveCfg = Release|x86
		{96822027-E5D7-448E-B228-8B8F7A85FF8B}.Release|Mixed Platforms.Build.0 = Release|x86
		{96822027-E5D7-448E-B228-8B8F7A85FF8B}.Release|x86.ActiveCfg = Release|x86
		{96822027-E5D7-448E-B228-8B8F7A85FF8B}.Release|x86.Build.0 = Release|x86
		{45D0D9D6-D219-493A-8185-FFC1FAF899FF}.Debug|Any CPU.ActiveCfg = Debug|x86
		{45D0D9D6-D219-493A-8185-FFC1FAF899FF}.Debug|Mixed Platforms.ActiveCfg = Debug|x86
		{45D0D9D6-D219-493A-8185-FFC1FAF899FF}.Debug|Mixed Platforms.Build.0 = Debug|x86
		{45D0D9D6-D219-493A-8185-FFC1FAF899FF}.Debug|x86.ActiveCfg = Debug|x86
		{45D0D9D6-D219-493A-8185-FFC1FAF899FF}.Debug|x86.Build.0 = Debug|x86
		{45D0D9D6-D219-493A-8185-FFC1FAF899FF}.Release|Any CPU.ActiveCfg = Release|x86
		{45D0D9D6-D219-493A-8185-FFC1FAF899FF}.Release|Mixed Platforms.ActiveCfg = Release|x86
		{45D0D9D6-D219-493A-8185-FFC1FAF899FF}.Release|Mixed Platforms.Build.0 = Release|x86
		{45D0D9D6-D219-493A-8185-FFC1FAF899FF}.Release|x86.ActiveCfg = Release|x86
		{45D0D9D6-D219-493A-8185-FFC1FAF899FF}.Release|x86.Build.0 = Release|x86
		{08DF4774-3958-46BA-842C-D8C7B7BC2DFE}.Debug|Any CPU.ActiveCfg = Debug|x86
		{08DF4774-3958-46BA-842C-D8C7B7BC2DFE}.Debug|Mixed Platforms.ActiveCfg = Debug|x86
		{08DF4774-3958-46BA-842C-D8C7B7BC2DFE}.Debug|Mixed Platforms.Build.0 = Debug|x86
		{08DF4774-3958-46BA-842C-D8C7B7BC2DFE}.Debug|x86.ActiveCfg = Debug|x86
		{08DF4774-3958-46BA-842C-D8C7B7BC2DFE}.Debug|x86.Build.0 = Debug|x86
		{08DF4774-3958-46BA-842C-D8C7B7BC2DFE}.Release|Any CPU.ActiveCfg = Release|x86
		{08DF4774-3958-46BA-842C-D8C7B7BC2DFE}.Release|Mixed Platforms.ActiveCfg = Release|x86
		{08DF4774-3958-46BA-842C-D8C7B7BC2DFE}.Release|Mixed Platforms.Build.0 = Release|x86
		{08DF4774-3958-46BA-842C-D8C7B7BC2DFE}.Release|x86.ActiveCfg = Release|x86
		{08DF4774-3958-46BA-842C-D8C7B7BC2DFE}.Release|x86.Build.0 = Release|x86
		{6B4E0203-7F89-4D46-8E56-DF6C0FCF39F7}.Debug|Any CPU.ActiveCfg = Debug|x86
		{6B4E0203-7F89-4D46-8E56-DF6C0FCF39F7}.Debug|Mixed Platforms.ActiveCfg = Debug|x86
		{6B4E0203-7F89-4D46-8E56-DF6C0FCF39F7}.Debug|Mixed Platforms.Build.0 = Debug|x86
		{6B4E0203-7F89-4D46-8E56-DF6C0FCF39F7}.Debug|x86.ActiveCfg = Debug|x86
		{6B4E0203-7F89-4D46-8E56-DF6C0FCF39F7}.Debug|x86.Build.0 = Debug|x86
		{6B4E0203-7F89-4D46-8E56-DF6C0FCF39F7}.Release|Any CPU.ActiveCfg = Release|x86
		{6B4E0203-7F89-4D46-8E56-DF6C0FCF39F7}.Release|Mixed Platforms.ActiveCfg = Release|x86
		{6B4E0203-7F89-4D46-8E56-DF6C0FCF39F7}.Release|Mixed Platforms.Build.0 = Release|x86
		{6B4E0203-7F89-4D46-8E56-DF6C0FCF39F7}.Release|x86.ActiveCfg = Release|x86
		{6B4E0203-7F89-4D46-8E56-DF6C0FCF39F7}.Release|x86.Build.0 = Release|x86
		{264379BC-5700-402C-B919-51F3CC2450CC}.Debug|Any CPU.ActiveCfg = Debug|x86
		{264379BC-5700-402C-B919-51F3CC2450CC}.Debug|Mixed Platforms.ActiveCfg = Debug|x86
		{264379BC-5700-402C-B919-51F3CC2450CC}.Debug|Mixed Platforms.Build.0 = Debug|x86
		{264379BC-5700-402C-B919-51F3CC2450CC}.Debug|x86.ActiveCfg = Debug|x86
		{264379BC-5700-402C-B919-51F3CC2450CC}.Debug|x86.Build.0 = Debug|x86
		{264379BC-5700-402C-B919-51F3CC2450CC}.Release|Any CPU.ActiveCfg = Release|x86
		{264379BC-5700-402C-B919-51F3CC2450CC}.Release|Mixed Platforms.ActiveCfg = Release|x86
		{264379BC-5700-402C-B919-51F3CC2450CC}.Release|Mixed Platforms.Build.0 = Release|x86
		{264379BC-5700-402C-B919-51F3CC2450CC}.Release|x86.ActiveCfg = Release|x86
		{264379BC-5700-402C-B919-51F3CC2450CC}.Release|x86.Build.0 = Release|x86
		{FD7CEBB0-EA92-4AD3-B5E8-925FAE702BA1}.Debug|Any CPU.ActiveCfg = Debug|x86
		{FD7CEBB0-EA92-4AD3-B5E8-925FAE702BA1}.Debug|Mixed Platforms.ActiveCfg = Debug|x86
		{FD7CEBB0-EA92-4AD3-B5E8-925FAE702BA1}.Debug|Mixed Platforms.Build.0 = Debug|x86
		{FD7CEBB0-EA92-4AD3-B5E8-925FAE702BA1}.Debug|x86.ActiveCfg = Debug|x86
		{FD7CEBB0-EA92-4AD3-B5E8-925FAE702BA1}.Debug|x86.Build.0 = Debug|x86
		{FD7CEBB0-EA92-4AD3-B5E8-925FAE702BA1}.Release|Any CPU.ActiveCfg = Release|x86
		{FD7CEBB0-EA92-4AD3-B5E8-925FAE702BA1}.Release|Mixed Platforms.ActiveCfg = Release|x86
		{FD7CEBB0-EA92-4AD3-B5E8-925FAE702BA1}.Release|Mixed Platforms.Build.0 = Release|x86
		{FD7CEBB0-EA92-4AD3-B5E8-925FAE702BA1}.Release|x86.ActiveCfg = Release|x86
		{FD7CEBB0-EA92-4AD3-B5E8-925FAE702BA1}.Release|x86.Build.0 = Release|x86
		{B42BD66A-8CA2-4F58-A4BF-2FB7401A2EF0}.Debug|Any CPU.ActiveCfg = Debug|x86
		{B42BD66A-8CA2-4F58-A4BF-2FB7401A2EF0}.Debug|Mixed Platforms.ActiveCfg = Debug|x86
		{B42BD66A-8CA2-4F58-A4BF-2FB7401A2EF0}.Debug|Mixed Platforms.Build.0 = Debug|x86
		{B42BD66A-8CA2-4F58-A4BF-2FB7401A2EF0}.Debug|x86.ActiveCfg = Debug|x86
		{B42BD66A-8CA2-4F58-A4BF-2FB7401A2EF0}.Debug|x86.Build.0 = Debug|x86
		{B42BD66A-8CA2-4F58-A4BF-2FB7401A2EF0}.Release|Any CPU.ActiveCfg = Release|x86
		{B42BD66A-8CA2-4F58-A4BF-2FB7401A2EF0}.Release|Mixed Platforms.ActiveCfg = Release|x86
		{B42BD66A-8CA2-4F58-A4BF-2FB7401A2EF0}.Release|Mixed Platforms.Build.0 = Release|x86
		{B42BD66A-8CA2-4F58-A4BF-2FB7401A2EF0}.Release|x86.ActiveCfg = Release|x86
		{B42BD66A-8CA2-4F58-A4BF-2FB7401A2EF0}.Release|x86.Build.0 = Release|x86
		{24A0DA6A-723F-4532-B6A5-F56FFDE53AC2}.Debug|Any CPU.ActiveCfg = Debug|x86
		{24A0DA6A-723F-4532-B6A5-F56FFDE53AC2}.Debug|Mixed Platforms.ActiveCfg = Debug|x86
		{24A0DA6A-723F-4532-B6A5-F56FFDE53AC2}.Debug|Mixed Platforms.Build.0 = Debug|x86
		{24A0DA6A-723F-4532-B6A5-F56FFDE53AC2}.Debug|x86.ActiveCfg = Debug|x86
		{24A0DA6A-723F-4532-B6A5-F56FFDE53AC2}.Debug|x86.Build.0 = Debug|x86
		{24A0DA6A-723F-4532-B6A5-F56FFDE53AC2}.Release|Any CPU.ActiveCfg = Release|x86
		{24A0DA6A-723F-4532-B6A5-F56FFDE53AC2}.Release|Mixed Platforms.ActiveCfg = Release|x86
		{24A0DA6A-723F-4532-B6A5-F56FFDE53AC2}.Release|Mixed Platforms.Build.0 = Release|x86
		{24A0DA6A-723F-4532-B6A5-F56FFDE53AC2}.Release|x86.ActiveCfg = Release|x86
		{24A0DA6A-723F-4532-B6A5-F56FFDE53AC2}.Release|x86.Build.0 = Release|x86
		{5B0304A3-3CB7-4CF8-996B-F8C325467264}.Debug|Any CPU.ActiveCfg = Debug|x86
		{5B0304A3-3CB7-4CF8-996B-F8C325467264}.Debug|Mixed Platforms.ActiveCfg = Debug|x86
		{5B0304A3-3CB7-4CF8-996B-F8C325467264}.Debug|Mixed Platforms.Build.0 = Debug|x86
		{5B0304A3-3CB7-4CF8-996B-F8C325467264}.Debug|x86.ActiveCfg = Debug|x86
		{5B0304A3-3CB7-4CF8-996B-F8C325467264}.Debug|x86.Build.0 = Debug|x86
		{5B0304A3-3CB7-4CF8-996B-F8C325467264}.Release|Any CPU.ActiveCfg = Release|x86
		{5B0304A3-3CB7-4CF8-996B-F8C325467264}.Release|Mixed Platforms.ActiveCfg = Release|x86
		{5B0304A3-3CB7-4CF8-996B-F8C325467264}.Release|Mixed Platforms.Build.0 = Release|x86
		{5B0304A3-3CB7-4CF8-996B-F8C325467264}.Release|x86.ActiveCfg = Release|x86
		{5B0304A3-3CB7-4CF8-996B-F8C325467264}.Release|x86.Build.0 = Release|x86
		{BEB29845-A9CA-4239-92BF-0CE14C908161}.Debug|Any CPU.ActiveCfg = Debug|x86
		{BEB29845-A9CA-4239-92BF-0CE14C908161}.Debug|Mixed Platforms.ActiveCfg = Debug|x86
		{BEB29845-A9CA-4239-92BF-0CE14C908161}.Debug|Mixed Platforms.Build.0 = Debug|x86
		{BEB29845-A9CA-4239-92BF-0CE14C908161}.Debug|x86.ActiveCfg = Debug|x86
		{BEB29845-A9CA-4239-92BF-0CE14C908161}.Debug|x86.Build.0 = Debug|x86
		{BEB29845-A9CA-4239-92BF-0CE14C908161}.Release|Any CPU.ActiveCfg = Release|x86
		{BEB29845-A9CA-4239-92BF-0CE14C908161}.Release|Mixed Platforms.ActiveCfg = Release|x86
		{BEB29845-A9CA-4239-92BF-0CE14C908161}.Release|Mixed Platforms.Build.0 = Release|x86
		{BEB29845-A9CA-4239-92BF-0CE14C908161}.Release|x86.ActiveCfg = Release|x86
		{BEB29845-A9CA-4239-92BF-0CE14C908161}.Release|x86.Build.0 = Release|x86
		{E6F2CBD8-6DAE-42E2-BCA8-24F2114047E5}.Debug|Any CPU.ActiveCfg = Debug|x86
		{E6F2CBD8-6DAE-42E2-BCA8-24F2114047E5}.Debug|Mixed Platforms.ActiveCfg = Debug|x86
		{E6F2CBD8-6DAE-42E2-BCA8-24F2114047E5}.Debug|Mixed Platforms.Build.0 = Debug|x86
		{E6F2CBD8-6DAE-42E2-BCA8-24F2114047E5}.Debug|x86.ActiveCfg = Debug|x86
		{E6F2CBD8-6DAE-42E2-BCA8-24F2114047E5}.Debug|x86.Build.0 = Debug|x86
		{E6F2CBD8-6DAE-42E2-BCA8-24F2114047E5}.Release|Any CPU.ActiveCfg = Release|x86
		{E6F2CBD8-6DAE-42E2-BCA8-24F2114047E5}.Release|Mixed Platforms.ActiveCfg = Release|x86
		{E6F2CBD8-6DAE-42E2-BCA8-24F2114047E5}.Release|Mixed Platforms.Build.0 = Release|x86
		{E6F2CBD8-6DAE-42E2-BCA8-24F2114047E5}.Release|x86.ActiveCfg = Release|x86
		{E6F2CBD8-6DAE-42E2-BCA8-24F2114047E5}.Release|x86.Build.0 = Release|x86
		{F35434F4-C5C8-4DDB-9A1D-B2E7E76A55A6}.Debug|Any CPU.ActiveCfg = Debug|x86
		{F35434F4-C5C8-4DDB-9A1D-B2E7E76A55A6}.Debug|Mixed Platforms.ActiveCfg = Debug|x86
		{F35434F4-C5C8-4DDB-9A1D-B2E7E76A55A6}.Debug|Mixed Platforms.Build.0 = Debug|x86
		{F35434F4-C5C8-4DDB-9A1D-B2E7E76A55A6}.Debug|x86.ActiveCfg = Debug|x86
		{F35434F4-C5C8-4DDB-9A1D-B2E7E76A55A6}.Debug|x86.Build.0 = Debug|x86
		{F35434F4-C5C8-4DDB-9A1D-B2E7E76A55A6}.Release|Any CPU.ActiveCfg = Release|x86
		{F35434F4-C5C8-4DDB-9A1D-B2E7E76A55A6}.Release|Mixed Platforms.ActiveCfg = Release|x86
		{F35434F4-C5C8-4DDB-9A1D-B2E7E76A55A6}.Release|Mixed Platforms.Build.0 = Release|x86
		{F35434F4-C5C8-4DDB-9A1D-B2E7E76A55A6}.Release|x86.ActiveCfg = Release|x86
		{F35434F4-C5C8-4DDB-9A1D-B2E7E76A55A6}.Release|x86.Build.0 = Release|x86
		{EC3E2824-7420-484A-B740-B17995FD0801}.Debug|Any CPU.ActiveCfg = Debug|x86
		{EC3E2824-7420-484A-B740-B17995FD0801}.Debug|Mixed Platforms.ActiveCfg = Debug|x86
		{EC3E2824-7420-484A-B740-B17995FD0801}.Debug|Mixed Platforms.Build.0 = Debug|x86
		{EC3E2824-7420-484A-B740-B17995FD0801}.Debug|x86.ActiveCfg = Debug|x86
		{EC3E2824-7420-484A-B740-B17995FD0801}.Debug|x86.Build.0 = Debug|x86
		{EC3E2824-7420-484A-B740-B17995FD0801}.Release|Any CPU.ActiveCfg = Release|x86
		{EC3E2824-7420-484A-B740-B17995FD0801}.Release|Mixed Platforms.ActiveCfg = Release|x86
		{EC3E2824-7420-484A-B740-B17995FD0801}.Release|Mixed Platforms.Build.0 = Release|x86
		{EC3E2824-7420-484A-B740-B17995FD0801}.Release|x86.ActiveCfg = Release|x86
		{EC3E2824-7420-484A-B740-B17995FD0801}.Release|x86.Build.0 = Release|x86
		{79FE2CBE-EF91-4212-9D7C-50FFD87B07F2}.Debug|Any CPU.ActiveCfg = Debug|x86
		{79FE2CBE-EF91-4212-9D7C-50FFD87B07F2}.Debug|Mixed Platforms.ActiveCfg = Debug|x86
		{79FE2CBE-EF91-4212-9D7C-50FFD87B07F2}.Debug|Mixed Platforms.Build.0 = Debug|x86
		{79FE2CBE-EF91-4212-9D7C-50FFD87B07F2}.Debug|x86.ActiveCfg = Debug|x86
		{79FE2CBE-EF91-4212-9D7C-50FFD87B07F2}.Debug|x86.Build.0 = Debug|x86
		{79FE2CBE-EF91-4212-9D7C-50FFD87B07F2}.Release|Any CPU.ActiveCfg = Release|x86
		{79FE2CBE-EF91-4212-9D7C-50FFD87B07F2}.Release|Mixed Platforms.ActiveCfg = Release|x86
		{79FE2CBE-EF91-4212-9D7C-50FFD87B07F2}.Release|Mixed Platforms.Build.0 = Release|x86
		{79FE2CBE-EF91-4212-9D7C-50FFD87B07F2}.Release|x86.ActiveCfg = Release|x86
		{79FE2CBE-EF91-4212-9D7C-50FFD87B07F2}.Release|x86.Build.0 = Release|x86
		{1008A6CC-FA39-45D1-9B46-4055FC1730FF}.Debug|Any CPU.ActiveCfg = Debug|x86
		{1008A6CC-FA39-45D1-9B46-4055FC1730FF}.Debug|Mixed Platforms.ActiveCfg = Debug|x86
		{1008A6CC-FA39-45D1-9B46-4055FC1730FF}.Debug|Mixed Platforms.Build.0 = Debug|x86
		{1008A6CC-FA39-45D1-9B46-4055FC1730FF}.Debug|x86.ActiveCfg = Debug|x86
		{1008A6CC-FA39-45D1-9B46-4055FC1730FF}.Debug|x86.Build.0 = Debug|x86
		{1008A6CC-FA39-45D1-9B46-4055FC1730FF}.Release|Any CPU.ActiveCfg = Release|x86
		{1008A6CC-FA39-45D1-9B46-4055FC1730FF}.Release|Mixed Platforms.ActiveCfg = Release|x86
		{1008A6CC-FA39-45D1-9B46-4055FC1730FF}.Release|Mixed Platforms.Build.0 = Release|x86
		{1008A6CC-FA39-45D1-9B46-4055FC1730FF}.Release|x86.ActiveCfg = Release|x86
		{1008A6CC-FA39-45D1-9B46-4055FC1730FF}.Release|x86.Build.0 = Release|x86
		{6427550E-1DF7-4D33-A16F-EFB84309F445}.Debug|Any CPU.ActiveCfg = Debug|x86
		{6427550E-1DF7-4D33-A16F-EFB84309F445}.Debug|Mixed Platforms.ActiveCfg = Debug|x86
		{6427550E-1DF7-4D33-A16F-EFB84309F445}.Debug|Mixed Platforms.Build.0 = Debug|x86
		{6427550E-1DF7-4D33-A16F-EFB84309F445}.Debug|x86.ActiveCfg = Debug|x86
		{6427550E-1DF7-4D33-A16F-EFB84309F445}.Debug|x86.Build.0 = Debug|x86
		{6427550E-1DF7-4D33-A16F-EFB84309F445}.Release|Any CPU.ActiveCfg = Release|x86
		{6427550E-1DF7-4D33-A16F-EFB84309F445}.Release|Mixed Platforms.ActiveCfg = Release|x86
		{6427550E-1DF7-4D33-A16F-EFB84309F445}.Release|Mixed Platforms.Build.0 = Release|x86
		{6427550E-1DF7-4D33-A16F-EFB84309F445}.Release|x86.ActiveCfg = Release|x86
		{6427550E-1DF7-4D33-A16F-EFB84309F445}.Release|x86.Build.0 = Release|x86
		{ECA3E18F-D26B-40BE-B4C1-5AD725B5146B}.Debug|Any CPU.ActiveCfg = Debug|x86
		{ECA3E18F-D26B-40BE-B4C1-5AD725B5146B}.Debug|Mixed Platforms.ActiveCfg = Debug|x86
		{ECA3E18F-D26B-40BE-B4C1-5AD725B5146B}.Debug|Mixed Platforms.Build.0 = Debug|x86
		{ECA3E18F-D26B-40BE-B4C1-5AD725B5146B}.Debug|x86.ActiveCfg = Debug|x86
		{ECA3E18F-D26B-40BE-B4C1-5AD725B5146B}.Debug|x86.Build.0 = Debug|x86
		{ECA3E18F-D26B-40BE-B4C1-5AD725B5146B}.Release|Any CPU.ActiveCfg = Release|x86
		{ECA3E18F-D26B-40BE-B4C1-5AD725B5146B}.Release|Mixed Platforms.ActiveCfg = Release|x86
		{ECA3E18F-D26B-40BE-B4C1-5AD725B5146B}.Release|Mixed Platforms.Build.0 = Release|x86
		{ECA3E18F-D26B-40BE-B4C1-5AD725B5146B}.Release|x86.ActiveCfg = Release|x86
		{ECA3E18F-D26B-40BE-B4C1-5AD725B5146B}.Release|x86.Build.0 = Release|x86
		{7B37280C-EFCF-4D27-A670-371595EC7C84}.Debug|Any CPU.ActiveCfg = Debug|x86
		{7B37280C-EFCF-4D27-A670-371595EC7C84}.Debug|Mixed Platforms.ActiveCfg = Debug|x86
		{7B37280C-EFCF-4D27-A670-371595EC7C84}.Debug|Mixed Platforms.Build.0 = Debug|x86
		{7B37280C-EFCF-4D27-A670-371595EC7C84}.Debug|x86.ActiveCfg = Debug|x86
		{7B37280C-EFCF-4D27-A670-371595EC7C84}.Debug|x86.Build.0 = Debug|x86
		{7B37280C-EFCF-4D27-A670-371595EC7C84}.Release|Any CPU.ActiveCfg = Release|x86
		{7B37280C-EFCF-4D27-A670-371595EC7C84}.Release|Mixed Platforms.ActiveCfg = Release|x86
		{7B37280C-EFCF-4D27-A670-371595EC7C84}.Release|Mixed Platforms.Build.0 = Release|x86
		{7B37280C-EFCF-4D27-A670-371595EC7C84}.Release|x86.ActiveCfg = Release|x86
		{7B37280C-EFCF-4D27-A670-371595EC7C84}.Release|x86.Build.0 = Release|x86
		{027CCFC1-8D80-48C8-9241-B2080C83BE4C}.Debug|Any CPU.ActiveCfg = Debug|x86
		{027CCFC1-8D80-48C8-9241-B2080C83BE4C}.Debug|Mixed Platforms.ActiveCfg = Debug|x86
		{027CCFC1-8D80-48C8-9241-B2080C83BE4C}.Debug|Mixed Platforms.Build.0 = Debug|x86
		{027CCFC1-8D80-48C8-9241-B2080C83BE4C}.Debug|x86.ActiveCfg = Debug|x86
		{027CCFC1-8D80-48C8-9241-B2080C83BE4C}.Debug|x86.Build.0 = Debug|x86
		{027CCFC1-8D80-48C8-9241-B2080C83BE4C}.Release|Any CPU.ActiveCfg = Release|x86
		{027CCFC1-8D80-48C8-9241-B2080C83BE4C}.Release|Mixed Platforms.ActiveCfg = Release|x86
		{027CCFC1-8D80-48C8-9241-B2080C83BE4C}.Release|Mixed Platforms.Build.0 = Release|x86
		{027CCFC1-8D80-48C8-9241-B2080C83BE4C}.Release|x86.ActiveCfg = Release|x86
		{027CCFC1-8D80-48C8-9241-B2080C83BE4C}.Release|x86.Build.0 = Release|x86
		{9DC174F6-110E-4B7D-AFB4-FAF36CE209FC}.Debug|Any CPU.ActiveCfg = Debug|x86
		{9DC174F6-110E-4B7D-AFB4-FAF36CE209FC}.Debug|Mixed Platforms.ActiveCfg = Debug|x86
		{9DC174F6-110E-4B7D-AFB4-FAF36CE209FC}.Debug|Mixed Platforms.Build.0 = Debug|x86
		{9DC174F6-110E-4B7D-AFB4-FAF36CE209FC}.Debug|x86.ActiveCfg = Debug|x86
		{9DC174F6-110E-4B7D-AFB4-FAF36CE209FC}.Debug|x86.Build.0 = Debug|x86
		{9DC174F6-110E-4B7D-AFB4-FAF36CE209FC}.Release|Any CPU.ActiveCfg = Release|x86
		{9DC174F6-110E-4B7D-AFB4-FAF36CE209FC}.Release|Mixed Platforms.ActiveCfg = Release|x86
		{9DC174F6-110E-4B7D-AFB4-FAF36CE209FC}.Release|Mixed Platforms.Build.0 = Release|x86
		{9DC174F6-110E-4B7D-AFB4-FAF36CE209FC}.Release|x86.ActiveCfg = Release|x86
		{9DC174F6-110E-4B7D-AFB4-FAF36CE209FC}.Release|x86.Build.0 = Release|x86
		{81FEBD0D-BE98-4C38-A183-88DEAC62FC3E}.Debug|Any CPU.ActiveCfg = Debug|x86
		{81FEBD0D-BE98-4C38-A183-88DEAC62FC3E}.Debug|Mixed Platforms.ActiveCfg = Debug|x86
		{81FEBD0D-BE98-4C38-A183-88DEAC62FC3E}.Debug|Mixed Platforms.Build.0 = Debug|x86
		{81FEBD0D-BE98-4C38-A183-88DEAC62FC3E}.Debug|x86.ActiveCfg = Debug|x86
		{81FEBD0D-BE98-4C38-A183-88DEAC62FC3E}.Debug|x86.Build.0 = Debug|x86
		{81FEBD0D-BE98-4C38-A183-88DEAC62FC3E}.Release|Any CPU.ActiveCfg = Release|x86
		{81FEBD0D-BE98-4C38-A183-88DEAC62FC3E}.Release|Mixed Platforms.ActiveCfg = Release|x86
		{81FEBD0D-BE98-4C38-A183-88DEAC62FC3E}.Release|Mixed Platforms.Build.0 = Release|x86
		{81FEBD0D-BE98-4C38-A183-88DEAC62FC3E}.Release|x86.ActiveCfg = Release|x86
		{81FEBD0D-BE98-4C38-A183-88DEAC62FC3E}.Release|x86.Build.0 = Release|x86
		{9157D02D-962D-475A-9663-647A22F381E8}.Debug|Any CPU.ActiveCfg = Debug|x86
		{9157D02D-962D-475A-9663-647A22F381E8}.Debug|Mixed Platforms.ActiveCfg = Debug|x86
		{9157D02D-962D-475A-9663-647A22F381E8}.Debug|Mixed Platforms.Build.0 = Debug|x86
		{9157D02D-962D-475A-9663-647A22F381E8}.Debug|x86.ActiveCfg = Debug|x86
		{9157D02D-962D-475A-9663-647A22F381E8}.Debug|x86.Build.0 = Debug|x86
		{9157D02D-962D-475A-9663-647A22F381E8}.Release|Any CPU.ActiveCfg = Release|x86
		{9157D02D-962D-475A-9663-647A22F381E8}.Release|Mixed Platforms.ActiveCfg = Release|x86
		{9157D02D-962D-475A-9663-647A22F381E8}.Release|Mixed Platforms.Build.0 = Release|x86
		{9157D02D-962D-475A-9663-647A22F381E8}.Release|x86.ActiveCfg = Release|x86
		{9157D02D-962D-475A-9663-647A22F381E8}.Release|x86.Build.0 = Release|x86
		{CEE12668-D7A9-4877-A285-91E78620C460}.Debug|Any CPU.ActiveCfg = Debug|x86
		{CEE12668-D7A9-4877-A285-91E78620C460}.Debug|Mixed Platforms.ActiveCfg = Debug|x86
		{CEE12668-D7A9-4877-A285-91E78620C460}.Debug|Mixed Platforms.Build.0 = Debug|x86
		{CEE12668-D7A9-4877-A285-91E78620C460}.Debug|x86.ActiveCfg = Debug|x86
		{CEE12668-D7A9-4877-A285-91E78620C460}.Debug|x86.Build.0 = Debug|x86
		{CEE12668-D7A9-4877-A285-91E78620C460}.Release|Any CPU.ActiveCfg = Release|x86
		{CEE12668-D7A9-4877-A285-91E78620C460}.Release|Mixed Platforms.ActiveCfg = Release|x86
		{CEE12668-D7A9-4877-A285-91E78620C460}.Release|Mixed Platforms.Build.0 = Release|x86
		{CEE12668-D7A9-4877-A285-91E78620C460}.Release|x86.ActiveCfg = Release|x86
		{CEE12668-D7A9-4877-A285-91E78620C460}.Release|x86.Build.0 = Release|x86
		{59F68543-8845-446F-973C-FE1B76E3BB1A}.Debug|Any CPU.ActiveCfg = Debug|x86
		{59F68543-8845-446F-973C-FE1B76E3BB1A}.Debug|Mixed Platforms.ActiveCfg = Debug|x86
		{59F68543-8845-446F-973C-FE1B76E3BB1A}.Debug|Mixed Platforms.Build.0 = Debug|x86
		{59F68543-8845-446F-973C-FE1B76E3BB1A}.Debug|x86.ActiveCfg = Debug|x86
		{59F68543-8845-446F-973C-FE1B76E3BB1A}.Debug|x86.Build.0 = Debug|x86
		{59F68543-8845-446F-973C-FE1B76E3BB1A}.Release|Any CPU.ActiveCfg = Release|x86
		{59F68543-8845-446F-973C-FE1B76E3BB1A}.Release|Mixed Platforms.ActiveCfg = Release|x86
		{59F68543-8845-446F-973C-FE1B76E3BB1A}.Release|Mixed Platforms.Build.0 = Release|x86
		{59F68543-8845-446F-973C-FE1B76E3BB1A}.Release|x86.ActiveCfg = Release|x86
		{59F68543-8845-446F-973C-FE1B76E3BB1A}.Release|x86.Build.0 = Release|x86
		{A76F21AD-CCEA-4C59-A1C1-B4B7B67F93AE}.Debug|Any CPU.ActiveCfg = Debug|x86
		{A76F21AD-CCEA-4C59-A1C1-B4B7B67F93AE}.Debug|Mixed Platforms.ActiveCfg = Debug|x86
		{A76F21AD-CCEA-4C59-A1C1-B4B7B67F93AE}.Debug|Mixed Platforms.Build.0 = Debug|x86
		{A76F21AD-CCEA-4C59-A1C1-B4B7B67F93AE}.Debug|x86.ActiveCfg = Debug|x86
		{A76F21AD-CCEA-4C59-A1C1-B4B7B67F93AE}.Debug|x86.Build.0 = Debug|x86
		{A76F21AD-CCEA-4C59-A1C1-B4B7B67F93AE}.Release|Any CPU.ActiveCfg = Release|x86
		{A76F21AD-CCEA-4C59-A1C1-B4B7B67F93AE}.Release|Mixed Platforms.ActiveCfg = Release|x86
		{A76F21AD-CCEA-4C59-A1C1-B4B7B67F93AE}.Release|Mixed Platforms.Build.0 = Release|x86
		{A76F21AD-CCEA-4C59-A1C1-B4B7B67F93AE}.Release|x86.ActiveCfg = Release|x86
		{A76F21AD-CCEA-4C59-A1C1-B4B7B67F93AE}.Release|x86.Build.0 = Release|x86
		{7620ABF5-8A4B-4DF1-BB0D-49A863753D1E}.Debug|Any CPU.ActiveCfg = Debug|x86
		{7620ABF5-8A4B-4DF1-BB0D-49A863753D1E}.Debug|Mixed Platforms.ActiveCfg = Debug|x86
		{7620ABF5-8A4B-4DF1-BB0D-49A863753D1E}.Debug|Mixed Platforms.Build.0 = Debug|x86
		{7620ABF5-8A4B-4DF1-BB0D-49A863753D1E}.Debug|x86.ActiveCfg = Debug|x86
		{7620ABF5-8A4B-4DF1-BB0D-49A863753D1E}.Debug|x86.Build.0 = Debug|x86
		{7620ABF5-8A4B-4DF1-BB0D-49A863753D1E}.Release|Any CPU.ActiveCfg = Release|x86
		{7620ABF5-8A4B-4DF1-BB0D-49A863753D1E}.Release|Mixed Platforms.ActiveCfg = Release|x86
		{7620ABF5-8A4B-4DF1-BB0D-49A863753D1E}.Release|Mixed Platforms.Build.0 = Release|x86
		{7620ABF5-8A4B-4DF1-BB0D-49A863753D1E}.Release|x86.ActiveCfg = Release|x86
		{7620ABF5-8A4B-4DF1-BB0D-49A863753D1E}.Release|x86.Build.0 = Release|x86
		{19EB3BEA-09FF-4F93-B4A4-B916F1D765C6}.Debug|Any CPU.ActiveCfg = Debug|Any CPU
		{19EB3BEA-09FF-4F93-B4A4-B916F1D765C6}.Debug|Any CPU.Build.0 = Debug|Any CPU
		{19EB3BEA-09FF-4F93-B4A4-B916F1D765C6}.Debug|Mixed Platforms.ActiveCfg = Debug|Any CPU
		{19EB3BEA-09FF-4F93-B4A4-B916F1D765C6}.Debug|Mixed Platforms.Build.0 = Debug|Any CPU
		{19EB3BEA-09FF-4F93-B4A4-B916F1D765C6}.Debug|x86.ActiveCfg = Debug|Any CPU
		{19EB3BEA-09FF-4F93-B4A4-B916F1D765C6}.Release|Any CPU.ActiveCfg = Release|Any CPU
		{19EB3BEA-09FF-4F93-B4A4-B916F1D765C6}.Release|Any CPU.Build.0 = Release|Any CPU
		{19EB3BEA-09FF-4F93-B4A4-B916F1D765C6}.Release|Mixed Platforms.ActiveCfg = Release|Any CPU
		{19EB3BEA-09FF-4F93-B4A4-B916F1D765C6}.Release|Mixed Platforms.Build.0 = Release|Any CPU
		{19EB3BEA-09FF-4F93-B4A4-B916F1D765C6}.Release|x86.ActiveCfg = Release|Any CPU
		{9E541CFE-D5A1-4588-8C4C-FA06D5E3CD69}.Debug|Any CPU.ActiveCfg = Debug|Any CPU
		{9E541CFE-D5A1-4588-8C4C-FA06D5E3CD69}.Debug|Any CPU.Build.0 = Debug|Any CPU
		{9E541CFE-D5A1-4588-8C4C-FA06D5E3CD69}.Debug|Mixed Platforms.ActiveCfg = Debug|Any CPU
		{9E541CFE-D5A1-4588-8C4C-FA06D5E3CD69}.Debug|Mixed Platforms.Build.0 = Debug|Any CPU
		{9E541CFE-D5A1-4588-8C4C-FA06D5E3CD69}.Debug|x86.ActiveCfg = Debug|Any CPU
		{9E541CFE-D5A1-4588-8C4C-FA06D5E3CD69}.Release|Any CPU.ActiveCfg = Release|Any CPU
		{9E541CFE-D5A1-4588-8C4C-FA06D5E3CD69}.Release|Any CPU.Build.0 = Release|Any CPU
		{9E541CFE-D5A1-4588-8C4C-FA06D5E3CD69}.Release|Mixed Platforms.ActiveCfg = Release|Any CPU
		{9E541CFE-D5A1-4588-8C4C-FA06D5E3CD69}.Release|Mixed Platforms.Build.0 = Release|Any CPU
		{9E541CFE-D5A1-4588-8C4C-FA06D5E3CD69}.Release|x86.ActiveCfg = Release|Any CPU
		{85475E5C-2ADE-4390-B92F-EEF95513FECA}.Debug|Any CPU.ActiveCfg = Debug|x86
		{85475E5C-2ADE-4390-B92F-EEF95513FECA}.Debug|Mixed Platforms.ActiveCfg = Debug|x86
		{85475E5C-2ADE-4390-B92F-EEF95513FECA}.Debug|Mixed Platforms.Build.0 = Debug|x86
		{85475E5C-2ADE-4390-B92F-EEF95513FECA}.Debug|x86.ActiveCfg = Debug|x86
		{85475E5C-2ADE-4390-B92F-EEF95513FECA}.Debug|x86.Build.0 = Debug|x86
		{85475E5C-2ADE-4390-B92F-EEF95513FECA}.Release|Any CPU.ActiveCfg = Release|x86
		{85475E5C-2ADE-4390-B92F-EEF95513FECA}.Release|Mixed Platforms.ActiveCfg = Release|x86
		{85475E5C-2ADE-4390-B92F-EEF95513FECA}.Release|Mixed Platforms.Build.0 = Release|x86
		{85475E5C-2ADE-4390-B92F-EEF95513FECA}.Release|x86.ActiveCfg = Release|x86
		{85475E5C-2ADE-4390-B92F-EEF95513FECA}.Release|x86.Build.0 = Release|x86
		{75A9C0F6-1C93-49C7-8AD9-8F86A05F03D0}.Debug|Any CPU.ActiveCfg = Debug|Any CPU
		{75A9C0F6-1C93-49C7-8AD9-8F86A05F03D0}.Debug|Any CPU.Build.0 = Debug|Any CPU
		{75A9C0F6-1C93-49C7-8AD9-8F86A05F03D0}.Debug|Mixed Platforms.ActiveCfg = Debug|Any CPU
		{75A9C0F6-1C93-49C7-8AD9-8F86A05F03D0}.Debug|Mixed Platforms.Build.0 = Debug|Any CPU
		{75A9C0F6-1C93-49C7-8AD9-8F86A05F03D0}.Debug|x86.ActiveCfg = Debug|Any CPU
		{75A9C0F6-1C93-49C7-8AD9-8F86A05F03D0}.Release|Any CPU.ActiveCfg = Release|Any CPU
		{75A9C0F6-1C93-49C7-8AD9-8F86A05F03D0}.Release|Any CPU.Build.0 = Release|Any CPU
		{75A9C0F6-1C93-49C7-8AD9-8F86A05F03D0}.Release|Mixed Platforms.ActiveCfg = Release|Any CPU
		{75A9C0F6-1C93-49C7-8AD9-8F86A05F03D0}.Release|Mixed Platforms.Build.0 = Release|Any CPU
		{75A9C0F6-1C93-49C7-8AD9-8F86A05F03D0}.Release|x86.ActiveCfg = Release|Any CPU
		{1AE331AC-191C-4A97-8CB3-E8F00BC86316}.Debug|Any CPU.ActiveCfg = Debug|Any CPU
		{1AE331AC-191C-4A97-8CB3-E8F00BC86316}.Debug|Any CPU.Build.0 = Debug|Any CPU
		{1AE331AC-191C-4A97-8CB3-E8F00BC86316}.Debug|Mixed Platforms.ActiveCfg = Debug|Any CPU
		{1AE331AC-191C-4A97-8CB3-E8F00BC86316}.Debug|Mixed Platforms.Build.0 = Debug|Any CPU
		{1AE331AC-191C-4A97-8CB3-E8F00BC86316}.Debug|x86.ActiveCfg = Debug|Any CPU
		{1AE331AC-191C-4A97-8CB3-E8F00BC86316}.Release|Any CPU.ActiveCfg = Release|Any CPU
		{1AE331AC-191C-4A97-8CB3-E8F00BC86316}.Release|Any CPU.Build.0 = Release|Any CPU
		{1AE331AC-191C-4A97-8CB3-E8F00BC86316}.Release|Mixed Platforms.ActiveCfg = Release|Any CPU
		{1AE331AC-191C-4A97-8CB3-E8F00BC86316}.Release|Mixed Platforms.Build.0 = Release|Any CPU
		{1AE331AC-191C-4A97-8CB3-E8F00BC86316}.Release|x86.ActiveCfg = Release|Any CPU
		{7CAA8060-6744-4C54-BA7E-01C2C1DA7147}.Debug|Any CPU.ActiveCfg = Debug|x86
		{7CAA8060-6744-4C54-BA7E-01C2C1DA7147}.Debug|Mixed Platforms.ActiveCfg = Debug|x86
		{7CAA8060-6744-4C54-BA7E-01C2C1DA7147}.Debug|Mixed Platforms.Build.0 = Debug|x86
		{7CAA8060-6744-4C54-BA7E-01C2C1DA7147}.Debug|x86.ActiveCfg = Debug|x86
		{7CAA8060-6744-4C54-BA7E-01C2C1DA7147}.Debug|x86.Build.0 = Debug|x86
		{7CAA8060-6744-4C54-BA7E-01C2C1DA7147}.Release|Any CPU.ActiveCfg = Release|x86
		{7CAA8060-6744-4C54-BA7E-01C2C1DA7147}.Release|Mixed Platforms.ActiveCfg = Release|x86
		{7CAA8060-6744-4C54-BA7E-01C2C1DA7147}.Release|Mixed Platforms.Build.0 = Release|x86
		{7CAA8060-6744-4C54-BA7E-01C2C1DA7147}.Release|x86.ActiveCfg = Release|x86
		{7CAA8060-6744-4C54-BA7E-01C2C1DA7147}.Release|x86.Build.0 = Release|x86
		{21CD8D53-5FE9-4521-83AE-753952D55C88}.Debug|Any CPU.ActiveCfg = Debug|x86
		{21CD8D53-5FE9-4521-83AE-753952D55C88}.Debug|Mixed Platforms.ActiveCfg = Debug|x86
		{21CD8D53-5FE9-4521-83AE-753952D55C88}.Debug|Mixed Platforms.Build.0 = Debug|x86
		{21CD8D53-5FE9-4521-83AE-753952D55C88}.Debug|x86.ActiveCfg = Debug|x86
		{21CD8D53-5FE9-4521-83AE-753952D55C88}.Debug|x86.Build.0 = Debug|x86
		{21CD8D53-5FE9-4521-83AE-753952D55C88}.Release|Any CPU.ActiveCfg = Release|x86
		{21CD8D53-5FE9-4521-83AE-753952D55C88}.Release|Mixed Platforms.ActiveCfg = Release|x86
		{21CD8D53-5FE9-4521-83AE-753952D55C88}.Release|Mixed Platforms.Build.0 = Release|x86
		{21CD8D53-5FE9-4521-83AE-753952D55C88}.Release|x86.ActiveCfg = Release|x86
		{21CD8D53-5FE9-4521-83AE-753952D55C88}.Release|x86.Build.0 = Release|x86
		{09781AD3-8FCD-4347-99BB-925379A67439}.Debug|Any CPU.ActiveCfg = Debug|x86
		{09781AD3-8FCD-4347-99BB-925379A67439}.Debug|Mixed Platforms.ActiveCfg = Debug|x86
		{09781AD3-8FCD-4347-99BB-925379A67439}.Debug|Mixed Platforms.Build.0 = Debug|x86
		{09781AD3-8FCD-4347-99BB-925379A67439}.Debug|x86.ActiveCfg = Debug|x86
		{09781AD3-8FCD-4347-99BB-925379A67439}.Debug|x86.Build.0 = Debug|x86
		{09781AD3-8FCD-4347-99BB-925379A67439}.Release|Any CPU.ActiveCfg = Release|x86
		{09781AD3-8FCD-4347-99BB-925379A67439}.Release|Mixed Platforms.ActiveCfg = Release|x86
		{09781AD3-8FCD-4347-99BB-925379A67439}.Release|Mixed Platforms.Build.0 = Release|x86
		{09781AD3-8FCD-4347-99BB-925379A67439}.Release|x86.ActiveCfg = Release|x86
		{09781AD3-8FCD-4347-99BB-925379A67439}.Release|x86.Build.0 = Release|x86
		{A610CF45-C410-45F1-823C-C1900ECF6113}.Debug|Any CPU.ActiveCfg = Debug|x86
		{A610CF45-C410-45F1-823C-C1900ECF6113}.Debug|Mixed Platforms.ActiveCfg = Debug|x86
		{A610CF45-C410-45F1-823C-C1900ECF6113}.Debug|Mixed Platforms.Build.0 = Debug|x86
		{A610CF45-C410-45F1-823C-C1900ECF6113}.Debug|x86.ActiveCfg = Debug|x86
		{A610CF45-C410-45F1-823C-C1900ECF6113}.Debug|x86.Build.0 = Debug|x86
		{A610CF45-C410-45F1-823C-C1900ECF6113}.Release|Any CPU.ActiveCfg = Release|x86
		{A610CF45-C410-45F1-823C-C1900ECF6113}.Release|Mixed Platforms.ActiveCfg = Release|x86
		{A610CF45-C410-45F1-823C-C1900ECF6113}.Release|Mixed Platforms.Build.0 = Release|x86
		{A610CF45-C410-45F1-823C-C1900ECF6113}.Release|x86.ActiveCfg = Release|x86
		{A610CF45-C410-45F1-823C-C1900ECF6113}.Release|x86.Build.0 = Release|x86
		{ADB583B0-6332-4CFD-A6AD-BE98D1F5B5B8}.Debug|Any CPU.ActiveCfg = Debug|x86
		{ADB583B0-6332-4CFD-A6AD-BE98D1F5B5B8}.Debug|Mixed Platforms.ActiveCfg = Debug|x86
		{ADB583B0-6332-4CFD-A6AD-BE98D1F5B5B8}.Debug|Mixed Platforms.Build.0 = Debug|x86
		{ADB583B0-6332-4CFD-A6AD-BE98D1F5B5B8}.Debug|x86.ActiveCfg = Debug|x86
		{ADB583B0-6332-4CFD-A6AD-BE98D1F5B5B8}.Debug|x86.Build.0 = Debug|x86
		{ADB583B0-6332-4CFD-A6AD-BE98D1F5B5B8}.Release|Any CPU.ActiveCfg = Release|x86
		{ADB583B0-6332-4CFD-A6AD-BE98D1F5B5B8}.Release|Mixed Platforms.ActiveCfg = Release|x86
		{ADB583B0-6332-4CFD-A6AD-BE98D1F5B5B8}.Release|Mixed Platforms.Build.0 = Release|x86
		{ADB583B0-6332-4CFD-A6AD-BE98D1F5B5B8}.Release|x86.ActiveCfg = Release|x86
		{ADB583B0-6332-4CFD-A6AD-BE98D1F5B5B8}.Release|x86.Build.0 = Release|x86
		{8364D017-A3F8-4695-8416-082C83DFA2F5}.Debug|Any CPU.ActiveCfg = Debug|x86
		{8364D017-A3F8-4695-8416-082C83DFA2F5}.Debug|Mixed Platforms.ActiveCfg = Debug|x86
		{8364D017-A3F8-4695-8416-082C83DFA2F5}.Debug|Mixed Platforms.Build.0 = Debug|x86
		{8364D017-A3F8-4695-8416-082C83DFA2F5}.Debug|x86.ActiveCfg = Debug|x86
		{8364D017-A3F8-4695-8416-082C83DFA2F5}.Debug|x86.Build.0 = Debug|x86
		{8364D017-A3F8-4695-8416-082C83DFA2F5}.Release|Any CPU.ActiveCfg = Release|x86
		{8364D017-A3F8-4695-8416-082C83DFA2F5}.Release|Mixed Platforms.ActiveCfg = Release|x86
		{8364D017-A3F8-4695-8416-082C83DFA2F5}.Release|Mixed Platforms.Build.0 = Release|x86
		{8364D017-A3F8-4695-8416-082C83DFA2F5}.Release|x86.ActiveCfg = Release|x86
		{8364D017-A3F8-4695-8416-082C83DFA2F5}.Release|x86.Build.0 = Release|x86
		{4C0D0CC8-9A3D-4F35-BA44-1BAF9ACCC34A}.Debug|Any CPU.ActiveCfg = Debug|x86
		{4C0D0CC8-9A3D-4F35-BA44-1BAF9ACCC34A}.Debug|Mixed Platforms.ActiveCfg = Debug|x86
		{4C0D0CC8-9A3D-4F35-BA44-1BAF9ACCC34A}.Debug|Mixed Platforms.Build.0 = Debug|x86
		{4C0D0CC8-9A3D-4F35-BA44-1BAF9ACCC34A}.Debug|x86.ActiveCfg = Debug|x86
		{4C0D0CC8-9A3D-4F35-BA44-1BAF9ACCC34A}.Debug|x86.Build.0 = Debug|x86
		{4C0D0CC8-9A3D-4F35-BA44-1BAF9ACCC34A}.Release|Any CPU.ActiveCfg = Release|x86
		{4C0D0CC8-9A3D-4F35-BA44-1BAF9ACCC34A}.Release|Mixed Platforms.ActiveCfg = Release|x86
		{4C0D0CC8-9A3D-4F35-BA44-1BAF9ACCC34A}.Release|Mixed Platforms.Build.0 = Release|x86
		{4C0D0CC8-9A3D-4F35-BA44-1BAF9ACCC34A}.Release|x86.ActiveCfg = Release|x86
		{4C0D0CC8-9A3D-4F35-BA44-1BAF9ACCC34A}.Release|x86.Build.0 = Release|x86
		{144F5EC9-D6E6-4728-B9E0-2C8CC70CF385}.Debug|Any CPU.ActiveCfg = Debug|x86
		{144F5EC9-D6E6-4728-B9E0-2C8CC70CF385}.Debug|Mixed Platforms.ActiveCfg = Debug|x86
		{144F5EC9-D6E6-4728-B9E0-2C8CC70CF385}.Debug|Mixed Platforms.Build.0 = Debug|x86
		{144F5EC9-D6E6-4728-B9E0-2C8CC70CF385}.Debug|x86.ActiveCfg = Debug|x86
		{144F5EC9-D6E6-4728-B9E0-2C8CC70CF385}.Debug|x86.Build.0 = Debug|x86
		{144F5EC9-D6E6-4728-B9E0-2C8CC70CF385}.Release|Any CPU.ActiveCfg = Release|x86
		{144F5EC9-D6E6-4728-B9E0-2C8CC70CF385}.Release|Mixed Platforms.ActiveCfg = Release|x86
		{144F5EC9-D6E6-4728-B9E0-2C8CC70CF385}.Release|Mixed Platforms.Build.0 = Release|x86
		{144F5EC9-D6E6-4728-B9E0-2C8CC70CF385}.Release|x86.ActiveCfg = Release|x86
		{144F5EC9-D6E6-4728-B9E0-2C8CC70CF385}.Release|x86.Build.0 = Release|x86
		{A13EEBBF-307C-4E43-A265-BFB52D2382A6}.Debug|Any CPU.ActiveCfg = Debug|x86
		{A13EEBBF-307C-4E43-A265-BFB52D2382A6}.Debug|Mixed Platforms.ActiveCfg = Debug|x86
		{A13EEBBF-307C-4E43-A265-BFB52D2382A6}.Debug|Mixed Platforms.Build.0 = Debug|x86
		{A13EEBBF-307C-4E43-A265-BFB52D2382A6}.Debug|x86.ActiveCfg = Debug|x86
		{A13EEBBF-307C-4E43-A265-BFB52D2382A6}.Debug|x86.Build.0 = Debug|x86
		{A13EEBBF-307C-4E43-A265-BFB52D2382A6}.Release|Any CPU.ActiveCfg = Release|x86
		{A13EEBBF-307C-4E43-A265-BFB52D2382A6}.Release|Mixed Platforms.ActiveCfg = Release|x86
		{A13EEBBF-307C-4E43-A265-BFB52D2382A6}.Release|Mixed Platforms.Build.0 = Release|x86
		{A13EEBBF-307C-4E43-A265-BFB52D2382A6}.Release|x86.ActiveCfg = Release|x86
		{A13EEBBF-307C-4E43-A265-BFB52D2382A6}.Release|x86.Build.0 = Release|x86
		{B5EFDF56-EAF7-4BD7-98F9-E2C499DA20F1}.Debug|Any CPU.ActiveCfg = Debug|Any CPU
		{B5EFDF56-EAF7-4BD7-98F9-E2C499DA20F1}.Debug|Any CPU.Build.0 = Debug|Any CPU
		{B5EFDF56-EAF7-4BD7-98F9-E2C499DA20F1}.Debug|Mixed Platforms.ActiveCfg = Debug|Any CPU
		{B5EFDF56-EAF7-4BD7-98F9-E2C499DA20F1}.Debug|Mixed Platforms.Build.0 = Debug|Any CPU
		{B5EFDF56-EAF7-4BD7-98F9-E2C499DA20F1}.Debug|x86.ActiveCfg = Debug|Any CPU
		{B5EFDF56-EAF7-4BD7-98F9-E2C499DA20F1}.Release|Any CPU.ActiveCfg = Release|Any CPU
		{B5EFDF56-EAF7-4BD7-98F9-E2C499DA20F1}.Release|Any CPU.Build.0 = Release|Any CPU
		{B5EFDF56-EAF7-4BD7-98F9-E2C499DA20F1}.Release|Mixed Platforms.ActiveCfg = Release|Any CPU
		{B5EFDF56-EAF7-4BD7-98F9-E2C499DA20F1}.Release|Mixed Platforms.Build.0 = Release|Any CPU
		{B5EFDF56-EAF7-4BD7-98F9-E2C499DA20F1}.Release|x86.ActiveCfg = Release|Any CPU
		{0416FD6D-6E2B-4F0D-B8C0-BB9547618ACE}.Debug|Any CPU.ActiveCfg = Debug|Any CPU
		{0416FD6D-6E2B-4F0D-B8C0-BB9547618ACE}.Debug|Any CPU.Build.0 = Debug|Any CPU
		{0416FD6D-6E2B-4F0D-B8C0-BB9547618ACE}.Debug|Mixed Platforms.ActiveCfg = Debug|Any CPU
		{0416FD6D-6E2B-4F0D-B8C0-BB9547618ACE}.Debug|Mixed Platforms.Build.0 = Debug|Any CPU
		{0416FD6D-6E2B-4F0D-B8C0-BB9547618ACE}.Debug|x86.ActiveCfg = Debug|Any CPU
		{0416FD6D-6E2B-4F0D-B8C0-BB9547618ACE}.Release|Any CPU.ActiveCfg = Release|Any CPU
		{0416FD6D-6E2B-4F0D-B8C0-BB9547618ACE}.Release|Any CPU.Build.0 = Release|Any CPU
		{0416FD6D-6E2B-4F0D-B8C0-BB9547618ACE}.Release|Mixed Platforms.ActiveCfg = Release|Any CPU
		{0416FD6D-6E2B-4F0D-B8C0-BB9547618ACE}.Release|Mixed Platforms.Build.0 = Release|Any CPU
		{0416FD6D-6E2B-4F0D-B8C0-BB9547618ACE}.Release|x86.ActiveCfg = Release|Any CPU
		{76222318-F5F0-46C0-BE75-41F9A9472D64}.Debug|Any CPU.ActiveCfg = Debug|x86
		{76222318-F5F0-46C0-BE75-41F9A9472D64}.Debug|Mixed Platforms.ActiveCfg = Debug|x86
		{76222318-F5F0-46C0-BE75-41F9A9472D64}.Debug|Mixed Platforms.Build.0 = Debug|x86
		{76222318-F5F0-46C0-BE75-41F9A9472D64}.Debug|x86.ActiveCfg = Debug|x86
		{76222318-F5F0-46C0-BE75-41F9A9472D64}.Debug|x86.Build.0 = Debug|x86
		{76222318-F5F0-46C0-BE75-41F9A9472D64}.Release|Any CPU.ActiveCfg = Release|x86
		{76222318-F5F0-46C0-BE75-41F9A9472D64}.Release|Mixed Platforms.ActiveCfg = Release|x86
		{76222318-F5F0-46C0-BE75-41F9A9472D64}.Release|Mixed Platforms.Build.0 = Release|x86
		{76222318-F5F0-46C0-BE75-41F9A9472D64}.Release|x86.ActiveCfg = Release|x86
		{76222318-F5F0-46C0-BE75-41F9A9472D64}.Release|x86.Build.0 = Release|x86
		{725B42FB-DAD3-4B80-A7A7-DE4BF2BC4283}.Debug|Any CPU.ActiveCfg = Debug|Any CPU
		{725B42FB-DAD3-4B80-A7A7-DE4BF2BC4283}.Debug|Any CPU.Build.0 = Debug|Any CPU
		{725B42FB-DAD3-4B80-A7A7-DE4BF2BC4283}.Debug|Mixed Platforms.ActiveCfg = Debug|Any CPU
		{725B42FB-DAD3-4B80-A7A7-DE4BF2BC4283}.Debug|Mixed Platforms.Build.0 = Debug|Any CPU
		{725B42FB-DAD3-4B80-A7A7-DE4BF2BC4283}.Debug|x86.ActiveCfg = Debug|Any CPU
		{725B42FB-DAD3-4B80-A7A7-DE4BF2BC4283}.Release|Any CPU.ActiveCfg = Release|Any CPU
		{725B42FB-DAD3-4B80-A7A7-DE4BF2BC4283}.Release|Any CPU.Build.0 = Release|Any CPU
		{725B42FB-DAD3-4B80-A7A7-DE4BF2BC4283}.Release|Mixed Platforms.ActiveCfg = Release|Any CPU
		{725B42FB-DAD3-4B80-A7A7-DE4BF2BC4283}.Release|Mixed Platforms.Build.0 = Release|Any CPU
		{725B42FB-DAD3-4B80-A7A7-DE4BF2BC4283}.Release|x86.ActiveCfg = Release|Any CPU
		{08A06238-56E1-4865-9192-CFAA7FF07811}.Debug|Any CPU.ActiveCfg = Debug|Any CPU
		{08A06238-56E1-4865-9192-CFAA7FF07811}.Debug|Any CPU.Build.0 = Debug|Any CPU
		{08A06238-56E1-4865-9192-CFAA7FF07811}.Debug|Mixed Platforms.ActiveCfg = Debug|Any CPU
		{08A06238-56E1-4865-9192-CFAA7FF07811}.Debug|Mixed Platforms.Build.0 = Debug|Any CPU
		{08A06238-56E1-4865-9192-CFAA7FF07811}.Debug|x86.ActiveCfg = Debug|Any CPU
		{08A06238-56E1-4865-9192-CFAA7FF07811}.Release|Any CPU.ActiveCfg = Release|Any CPU
		{08A06238-56E1-4865-9192-CFAA7FF07811}.Release|Any CPU.Build.0 = Release|Any CPU
		{08A06238-56E1-4865-9192-CFAA7FF07811}.Release|Mixed Platforms.ActiveCfg = Release|Any CPU
		{08A06238-56E1-4865-9192-CFAA7FF07811}.Release|Mixed Platforms.Build.0 = Release|Any CPU
		{08A06238-56E1-4865-9192-CFAA7FF07811}.Release|x86.ActiveCfg = Release|Any CPU
		{7C239AB1-453A-40F2-9ADF-789116E6E2CB}.Debug|Any CPU.ActiveCfg = Debug|Any CPU
		{7C239AB1-453A-40F2-9ADF-789116E6E2CB}.Debug|Any CPU.Build.0 = Debug|Any CPU
		{7C239AB1-453A-40F2-9ADF-789116E6E2CB}.Debug|Mixed Platforms.ActiveCfg = Debug|Any CPU
		{7C239AB1-453A-40F2-9ADF-789116E6E2CB}.Debug|Mixed Platforms.Build.0 = Debug|Any CPU
		{7C239AB1-453A-40F2-9ADF-789116E6E2CB}.Debug|x86.ActiveCfg = Debug|Any CPU
		{7C239AB1-453A-40F2-9ADF-789116E6E2CB}.Release|Any CPU.ActiveCfg = Release|Any CPU
		{7C239AB1-453A-40F2-9ADF-789116E6E2CB}.Release|Any CPU.Build.0 = Release|Any CPU
		{7C239AB1-453A-40F2-9ADF-789116E6E2CB}.Release|Mixed Platforms.ActiveCfg = Release|Any CPU
		{7C239AB1-453A-40F2-9ADF-789116E6E2CB}.Release|Mixed Platforms.Build.0 = Release|Any CPU
		{7C239AB1-453A-40F2-9ADF-789116E6E2CB}.Release|x86.ActiveCfg = Release|Any CPU
		{E65DB943-1C7C-4D66-9986-2F8DFF27E2EA}.Debug|Any CPU.ActiveCfg = Debug|x86
		{E65DB943-1C7C-4D66-9986-2F8DFF27E2EA}.Debug|Mixed Platforms.ActiveCfg = Debug|x86
		{E65DB943-1C7C-4D66-9986-2F8DFF27E2EA}.Debug|Mixed Platforms.Build.0 = Debug|x86
		{E65DB943-1C7C-4D66-9986-2F8DFF27E2EA}.Debug|x86.ActiveCfg = Debug|x86
		{E65DB943-1C7C-4D66-9986-2F8DFF27E2EA}.Debug|x86.Build.0 = Debug|x86
		{E65DB943-1C7C-4D66-9986-2F8DFF27E2EA}.Release|Any CPU.ActiveCfg = Release|x86
		{E65DB943-1C7C-4D66-9986-2F8DFF27E2EA}.Release|Mixed Platforms.ActiveCfg = Release|x86
		{E65DB943-1C7C-4D66-9986-2F8DFF27E2EA}.Release|Mixed Platforms.Build.0 = Release|x86
		{E65DB943-1C7C-4D66-9986-2F8DFF27E2EA}.Release|x86.ActiveCfg = Release|x86
		{E65DB943-1C7C-4D66-9986-2F8DFF27E2EA}.Release|x86.Build.0 = Release|x86
		{0E5CD881-2082-4E22-8974-DC97A3374DDF}.Debug|Any CPU.ActiveCfg = Debug|x86
		{0E5CD881-2082-4E22-8974-DC97A3374DDF}.Debug|Mixed Platforms.ActiveCfg = Debug|x86
		{0E5CD881-2082-4E22-8974-DC97A3374DDF}.Debug|Mixed Platforms.Build.0 = Debug|x86
		{0E5CD881-2082-4E22-8974-DC97A3374DDF}.Debug|x86.ActiveCfg = Debug|x86
		{0E5CD881-2082-4E22-8974-DC97A3374DDF}.Debug|x86.Build.0 = Debug|x86
		{0E5CD881-2082-4E22-8974-DC97A3374DDF}.Release|Any CPU.ActiveCfg = Release|x86
		{0E5CD881-2082-4E22-8974-DC97A3374DDF}.Release|Mixed Platforms.ActiveCfg = Release|x86
		{0E5CD881-2082-4E22-8974-DC97A3374DDF}.Release|Mixed Platforms.Build.0 = Release|x86
		{0E5CD881-2082-4E22-8974-DC97A3374DDF}.Release|x86.ActiveCfg = Release|x86
		{0E5CD881-2082-4E22-8974-DC97A3374DDF}.Release|x86.Build.0 = Release|x86
		{0E34D91E-2707-4D8A-8B9C-9F97F69B6928}.Debug|Any CPU.ActiveCfg = Debug|x86
		{0E34D91E-2707-4D8A-8B9C-9F97F69B6928}.Debug|Mixed Platforms.ActiveCfg = Debug|x86
		{0E34D91E-2707-4D8A-8B9C-9F97F69B6928}.Debug|Mixed Platforms.Build.0 = Debug|x86
		{0E34D91E-2707-4D8A-8B9C-9F97F69B6928}.Debug|x86.ActiveCfg = Debug|x86
		{0E34D91E-2707-4D8A-8B9C-9F97F69B6928}.Debug|x86.Build.0 = Debug|x86
		{0E34D91E-2707-4D8A-8B9C-9F97F69B6928}.Release|Any CPU.ActiveCfg = Release|x86
		{0E34D91E-2707-4D8A-8B9C-9F97F69B6928}.Release|Mixed Platforms.ActiveCfg = Release|x86
		{0E34D91E-2707-4D8A-8B9C-9F97F69B6928}.Release|Mixed Platforms.Build.0 = Release|x86
		{0E34D91E-2707-4D8A-8B9C-9F97F69B6928}.Release|x86.ActiveCfg = Release|x86
		{0E34D91E-2707-4D8A-8B9C-9F97F69B6928}.Release|x86.Build.0 = Release|x86
		{5D3CB56B-59DF-4C4D-B2A2-F4450A199BAE}.Debug|Any CPU.ActiveCfg = Debug|x86
		{5D3CB56B-59DF-4C4D-B2A2-F4450A199BAE}.Debug|Mixed Platforms.ActiveCfg = Debug|x86
		{5D3CB56B-59DF-4C4D-B2A2-F4450A199BAE}.Debug|Mixed Platforms.Build.0 = Debug|x86
		{5D3CB56B-59DF-4C4D-B2A2-F4450A199BAE}.Debug|x86.ActiveCfg = Debug|x86
		{5D3CB56B-59DF-4C4D-B2A2-F4450A199BAE}.Debug|x86.Build.0 = Debug|x86
		{5D3CB56B-59DF-4C4D-B2A2-F4450A199BAE}.Release|Any CPU.ActiveCfg = Release|x86
		{5D3CB56B-59DF-4C4D-B2A2-F4450A199BAE}.Release|Mixed Platforms.ActiveCfg = Release|x86
		{5D3CB56B-59DF-4C4D-B2A2-F4450A199BAE}.Release|Mixed Platforms.Build.0 = Release|x86
		{5D3CB56B-59DF-4C4D-B2A2-F4450A199BAE}.Release|x86.ActiveCfg = Release|x86
		{5D3CB56B-59DF-4C4D-B2A2-F4450A199BAE}.Release|x86.Build.0 = Release|x86
		{FD4321F1-5F7C-40C9-BD7C-8088E6F3AC68}.Debug|Any CPU.ActiveCfg = Debug|x86
		{FD4321F1-5F7C-40C9-BD7C-8088E6F3AC68}.Debug|Mixed Platforms.ActiveCfg = Debug|x86
		{FD4321F1-5F7C-40C9-BD7C-8088E6F3AC68}.Debug|Mixed Platforms.Build.0 = Debug|x86
		{FD4321F1-5F7C-40C9-BD7C-8088E6F3AC68}.Debug|x86.ActiveCfg = Debug|x86
		{FD4321F1-5F7C-40C9-BD7C-8088E6F3AC68}.Debug|x86.Build.0 = Debug|x86
		{FD4321F1-5F7C-40C9-BD7C-8088E6F3AC68}.Release|Any CPU.ActiveCfg = Release|x86
		{FD4321F1-5F7C-40C9-BD7C-8088E6F3AC68}.Release|Mixed Platforms.ActiveCfg = Release|x86
		{FD4321F1-5F7C-40C9-BD7C-8088E6F3AC68}.Release|Mixed Platforms.Build.0 = Release|x86
		{FD4321F1-5F7C-40C9-BD7C-8088E6F3AC68}.Release|x86.ActiveCfg = Release|x86
		{FD4321F1-5F7C-40C9-BD7C-8088E6F3AC68}.Release|x86.Build.0 = Release|x86
		{6A09E592-27E6-409E-B365-FA51966BDCA2}.Debug|Any CPU.ActiveCfg = Debug|x86
		{6A09E592-27E6-409E-B365-FA51966BDCA2}.Debug|Mixed Platforms.ActiveCfg = Debug|x86
		{6A09E592-27E6-409E-B365-FA51966BDCA2}.Debug|Mixed Platforms.Build.0 = Debug|x86
		{6A09E592-27E6-409E-B365-FA51966BDCA2}.Debug|x86.ActiveCfg = Debug|x86
		{6A09E592-27E6-409E-B365-FA51966BDCA2}.Debug|x86.Build.0 = Debug|x86
		{6A09E592-27E6-409E-B365-FA51966BDCA2}.Release|Any CPU.ActiveCfg = Release|x86
		{6A09E592-27E6-409E-B365-FA51966BDCA2}.Release|Mixed Platforms.ActiveCfg = Release|x86
		{6A09E592-27E6-409E-B365-FA51966BDCA2}.Release|Mixed Platforms.Build.0 = Release|x86
		{6A09E592-27E6-409E-B365-FA51966BDCA2}.Release|x86.ActiveCfg = Release|x86
		{6A09E592-27E6-409E-B365-FA51966BDCA2}.Release|x86.Build.0 = Release|x86
		{5835166D-55E5-4216-B4C2-6BB450117610}.Debug|Any CPU.ActiveCfg = Debug|x86
		{5835166D-55E5-4216-B4C2-6BB450117610}.Debug|Mixed Platforms.ActiveCfg = Debug|x86
		{5835166D-55E5-4216-B4C2-6BB450117610}.Debug|Mixed Platforms.Build.0 = Debug|x86
		{5835166D-55E5-4216-B4C2-6BB450117610}.Debug|x86.ActiveCfg = Debug|x86
		{5835166D-55E5-4216-B4C2-6BB450117610}.Debug|x86.Build.0 = Debug|x86
		{5835166D-55E5-4216-B4C2-6BB450117610}.Release|Any CPU.ActiveCfg = Release|x86
		{5835166D-55E5-4216-B4C2-6BB450117610}.Release|Mixed Platforms.ActiveCfg = Release|x86
		{5835166D-55E5-4216-B4C2-6BB450117610}.Release|Mixed Platforms.Build.0 = Release|x86
		{5835166D-55E5-4216-B4C2-6BB450117610}.Release|x86.ActiveCfg = Release|x86
		{5835166D-55E5-4216-B4C2-6BB450117610}.Release|x86.Build.0 = Release|x86
		{DABD70B2-2674-40AC-BC9A-75154D5F228A}.Debug|Any CPU.ActiveCfg = Debug|x86
		{DABD70B2-2674-40AC-BC9A-75154D5F228A}.Debug|Mixed Platforms.ActiveCfg = Debug|x86
		{DABD70B2-2674-40AC-BC9A-75154D5F228A}.Debug|Mixed Platforms.Build.0 = Debug|x86
		{DABD70B2-2674-40AC-BC9A-75154D5F228A}.Debug|x86.ActiveCfg = Debug|x86
		{DABD70B2-2674-40AC-BC9A-75154D5F228A}.Debug|x86.Build.0 = Debug|x86
		{DABD70B2-2674-40AC-BC9A-75154D5F228A}.Release|Any CPU.ActiveCfg = Release|x86
		{DABD70B2-2674-40AC-BC9A-75154D5F228A}.Release|Mixed Platforms.ActiveCfg = Release|x86
		{DABD70B2-2674-40AC-BC9A-75154D5F228A}.Release|Mixed Platforms.Build.0 = Release|x86
		{DABD70B2-2674-40AC-BC9A-75154D5F228A}.Release|x86.ActiveCfg = Release|x86
		{DABD70B2-2674-40AC-BC9A-75154D5F228A}.Release|x86.Build.0 = Release|x86
		{F01D6D7A-54DC-4CE6-8B6F-AB71B1A6AE09}.Debug|Any CPU.ActiveCfg = Debug|x86
		{F01D6D7A-54DC-4CE6-8B6F-AB71B1A6AE09}.Debug|Mixed Platforms.ActiveCfg = Debug|x86
		{F01D6D7A-54DC-4CE6-8B6F-AB71B1A6AE09}.Debug|Mixed Platforms.Build.0 = Debug|x86
		{F01D6D7A-54DC-4CE6-8B6F-AB71B1A6AE09}.Debug|x86.ActiveCfg = Debug|x86
		{F01D6D7A-54DC-4CE6-8B6F-AB71B1A6AE09}.Debug|x86.Build.0 = Debug|x86
		{F01D6D7A-54DC-4CE6-8B6F-AB71B1A6AE09}.Release|Any CPU.ActiveCfg = Release|x86
		{F01D6D7A-54DC-4CE6-8B6F-AB71B1A6AE09}.Release|Mixed Platforms.ActiveCfg = Release|x86
		{F01D6D7A-54DC-4CE6-8B6F-AB71B1A6AE09}.Release|Mixed Platforms.Build.0 = Release|x86
		{F01D6D7A-54DC-4CE6-8B6F-AB71B1A6AE09}.Release|x86.ActiveCfg = Release|x86
		{F01D6D7A-54DC-4CE6-8B6F-AB71B1A6AE09}.Release|x86.Build.0 = Release|x86
		{9C0146E9-EC98-458B-BB8F-493AC074FA0F}.Debug|Any CPU.ActiveCfg = Debug|x86
		{9C0146E9-EC98-458B-BB8F-493AC074FA0F}.Debug|Mixed Platforms.ActiveCfg = Debug|x86
		{9C0146E9-EC98-458B-BB8F-493AC074FA0F}.Debug|Mixed Platforms.Build.0 = Debug|x86
		{9C0146E9-EC98-458B-BB8F-493AC074FA0F}.Debug|x86.ActiveCfg = Debug|x86
		{9C0146E9-EC98-458B-BB8F-493AC074FA0F}.Debug|x86.Build.0 = Debug|x86
		{9C0146E9-EC98-458B-BB8F-493AC074FA0F}.Release|Any CPU.ActiveCfg = Release|x86
		{9C0146E9-EC98-458B-BB8F-493AC074FA0F}.Release|Mixed Platforms.ActiveCfg = Release|x86
		{9C0146E9-EC98-458B-BB8F-493AC074FA0F}.Release|Mixed Platforms.Build.0 = Release|x86
		{9C0146E9-EC98-458B-BB8F-493AC074FA0F}.Release|x86.ActiveCfg = Release|x86
		{9C0146E9-EC98-458B-BB8F-493AC074FA0F}.Release|x86.Build.0 = Release|x86
		{ED5B22A5-02C6-4A60-976B-83F6A7860947}.Debug|Any CPU.ActiveCfg = Debug|x86
		{ED5B22A5-02C6-4A60-976B-83F6A7860947}.Debug|Mixed Platforms.ActiveCfg = Debug|x86
		{ED5B22A5-02C6-4A60-976B-83F6A7860947}.Debug|Mixed Platforms.Build.0 = Debug|x86
		{ED5B22A5-02C6-4A60-976B-83F6A7860947}.Debug|x86.ActiveCfg = Debug|x86
		{ED5B22A5-02C6-4A60-976B-83F6A7860947}.Debug|x86.Build.0 = Debug|x86
		{ED5B22A5-02C6-4A60-976B-83F6A7860947}.Release|Any CPU.ActiveCfg = Release|x86
		{ED5B22A5-02C6-4A60-976B-83F6A7860947}.Release|Mixed Platforms.ActiveCfg = Release|x86
		{ED5B22A5-02C6-4A60-976B-83F6A7860947}.Release|Mixed Platforms.Build.0 = Release|x86
		{ED5B22A5-02C6-4A60-976B-83F6A7860947}.Release|x86.ActiveCfg = Release|x86
		{ED5B22A5-02C6-4A60-976B-83F6A7860947}.Release|x86.Build.0 = Release|x86
		{C4F89249-AD38-49EB-8759-9A4FAC095066}.Debug|Any CPU.ActiveCfg = Debug|x86
		{C4F89249-AD38-49EB-8759-9A4FAC095066}.Debug|Mixed Platforms.ActiveCfg = Debug|x86
		{C4F89249-AD38-49EB-8759-9A4FAC095066}.Debug|Mixed Platforms.Build.0 = Debug|x86
		{C4F89249-AD38-49EB-8759-9A4FAC095066}.Debug|x86.ActiveCfg = Debug|x86
		{C4F89249-AD38-49EB-8759-9A4FAC095066}.Debug|x86.Build.0 = Debug|x86
		{C4F89249-AD38-49EB-8759-9A4FAC095066}.Release|Any CPU.ActiveCfg = Release|x86
		{C4F89249-AD38-49EB-8759-9A4FAC095066}.Release|Mixed Platforms.ActiveCfg = Release|x86
		{C4F89249-AD38-49EB-8759-9A4FAC095066}.Release|Mixed Platforms.Build.0 = Release|x86
		{C4F89249-AD38-49EB-8759-9A4FAC095066}.Release|x86.ActiveCfg = Release|x86
		{C4F89249-AD38-49EB-8759-9A4FAC095066}.Release|x86.Build.0 = Release|x86
		{C7809869-CED1-4904-A368-F153EC8C7DB4}.Debug|Any CPU.ActiveCfg = Debug|x86
		{C7809869-CED1-4904-A368-F153EC8C7DB4}.Debug|Mixed Platforms.ActiveCfg = Debug|x86
		{C7809869-CED1-4904-A368-F153EC8C7DB4}.Debug|Mixed Platforms.Build.0 = Debug|x86
		{C7809869-CED1-4904-A368-F153EC8C7DB4}.Debug|x86.ActiveCfg = Debug|x86
		{C7809869-CED1-4904-A368-F153EC8C7DB4}.Debug|x86.Build.0 = Debug|x86
		{C7809869-CED1-4904-A368-F153EC8C7DB4}.Release|Any CPU.ActiveCfg = Release|x86
		{C7809869-CED1-4904-A368-F153EC8C7DB4}.Release|Mixed Platforms.ActiveCfg = Release|x86
		{C7809869-CED1-4904-A368-F153EC8C7DB4}.Release|Mixed Platforms.Build.0 = Release|x86
		{C7809869-CED1-4904-A368-F153EC8C7DB4}.Release|x86.ActiveCfg = Release|x86
		{C7809869-CED1-4904-A368-F153EC8C7DB4}.Release|x86.Build.0 = Release|x86
		{885E8839-C37E-4FCA-B2C3-04A940CCEE5D}.Debug|Any CPU.ActiveCfg = Debug|x86
		{885E8839-C37E-4FCA-B2C3-04A940CCEE5D}.Debug|Mixed Platforms.ActiveCfg = Debug|x86
		{885E8839-C37E-4FCA-B2C3-04A940CCEE5D}.Debug|Mixed Platforms.Build.0 = Debug|x86
		{885E8839-C37E-4FCA-B2C3-04A940CCEE5D}.Debug|x86.ActiveCfg = Debug|x86
		{885E8839-C37E-4FCA-B2C3-04A940CCEE5D}.Debug|x86.Build.0 = Debug|x86
		{885E8839-C37E-4FCA-B2C3-04A940CCEE5D}.Release|Any CPU.ActiveCfg = Release|x86
		{885E8839-C37E-4FCA-B2C3-04A940CCEE5D}.Release|Mixed Platforms.ActiveCfg = Release|x86
		{885E8839-C37E-4FCA-B2C3-04A940CCEE5D}.Release|Mixed Platforms.Build.0 = Release|x86
		{885E8839-C37E-4FCA-B2C3-04A940CCEE5D}.Release|x86.ActiveCfg = Release|x86
		{885E8839-C37E-4FCA-B2C3-04A940CCEE5D}.Release|x86.Build.0 = Release|x86
		{CD149C2A-95DA-4485-8E6E-C412EC081068}.Debug|Any CPU.ActiveCfg = Debug|x86
		{CD149C2A-95DA-4485-8E6E-C412EC081068}.Debug|Mixed Platforms.ActiveCfg = Debug|x86
		{CD149C2A-95DA-4485-8E6E-C412EC081068}.Debug|Mixed Platforms.Build.0 = Debug|x86
		{CD149C2A-95DA-4485-8E6E-C412EC081068}.Debug|x86.ActiveCfg = Debug|x86
		{CD149C2A-95DA-4485-8E6E-C412EC081068}.Debug|x86.Build.0 = Debug|x86
		{CD149C2A-95DA-4485-8E6E-C412EC081068}.Release|Any CPU.ActiveCfg = Release|x86
		{CD149C2A-95DA-4485-8E6E-C412EC081068}.Release|Mixed Platforms.ActiveCfg = Release|x86
		{CD149C2A-95DA-4485-8E6E-C412EC081068}.Release|Mixed Platforms.Build.0 = Release|x86
		{CD149C2A-95DA-4485-8E6E-C412EC081068}.Release|x86.ActiveCfg = Release|x86
		{CD149C2A-95DA-4485-8E6E-C412EC081068}.Release|x86.Build.0 = Release|x86
		{33501C36-3A1F-4A6B-83B8-1FD4DE1C8F8D}.Debug|Any CPU.ActiveCfg = Debug|x86
		{33501C36-3A1F-4A6B-83B8-1FD4DE1C8F8D}.Debug|Mixed Platforms.ActiveCfg = Debug|x86
		{33501C36-3A1F-4A6B-83B8-1FD4DE1C8F8D}.Debug|Mixed Platforms.Build.0 = Debug|x86
		{33501C36-3A1F-4A6B-83B8-1FD4DE1C8F8D}.Debug|x86.ActiveCfg = Debug|x86
		{33501C36-3A1F-4A6B-83B8-1FD4DE1C8F8D}.Debug|x86.Build.0 = Debug|x86
		{33501C36-3A1F-4A6B-83B8-1FD4DE1C8F8D}.Release|Any CPU.ActiveCfg = Release|x86
		{33501C36-3A1F-4A6B-83B8-1FD4DE1C8F8D}.Release|Mixed Platforms.ActiveCfg = Release|x86
		{33501C36-3A1F-4A6B-83B8-1FD4DE1C8F8D}.Release|Mixed Platforms.Build.0 = Release|x86
		{33501C36-3A1F-4A6B-83B8-1FD4DE1C8F8D}.Release|x86.ActiveCfg = Release|x86
		{33501C36-3A1F-4A6B-83B8-1FD4DE1C8F8D}.Release|x86.Build.0 = Release|x86
		{8A4AA180-E5DF-4474-9101-556C26A1AFA0}.Debug|Any CPU.ActiveCfg = Debug|x86
		{8A4AA180-E5DF-4474-9101-556C26A1AFA0}.Debug|Mixed Platforms.ActiveCfg = Debug|x86
		{8A4AA180-E5DF-4474-9101-556C26A1AFA0}.Debug|Mixed Platforms.Build.0 = Debug|x86
		{8A4AA180-E5DF-4474-9101-556C26A1AFA0}.Debug|x86.ActiveCfg = Debug|x86
		{8A4AA180-E5DF-4474-9101-556C26A1AFA0}.Debug|x86.Build.0 = Debug|x86
		{8A4AA180-E5DF-4474-9101-556C26A1AFA0}.Release|Any CPU.ActiveCfg = Release|x86
		{8A4AA180-E5DF-4474-9101-556C26A1AFA0}.Release|Mixed Platforms.ActiveCfg = Release|x86
		{8A4AA180-E5DF-4474-9101-556C26A1AFA0}.Release|Mixed Platforms.Build.0 = Release|x86
		{8A4AA180-E5DF-4474-9101-556C26A1AFA0}.Release|x86.ActiveCfg = Release|x86
		{8A4AA180-E5DF-4474-9101-556C26A1AFA0}.Release|x86.Build.0 = Release|x86
		{DF9A7BD8-896B-4362-99E6-0E0289E65F33}.Debug|Any CPU.ActiveCfg = Debug|Any CPU
		{DF9A7BD8-896B-4362-99E6-0E0289E65F33}.Debug|Any CPU.Build.0 = Debug|Any CPU
		{DF9A7BD8-896B-4362-99E6-0E0289E65F33}.Debug|Mixed Platforms.ActiveCfg = Debug|Any CPU
		{DF9A7BD8-896B-4362-99E6-0E0289E65F33}.Debug|Mixed Platforms.Build.0 = Debug|Any CPU
		{DF9A7BD8-896B-4362-99E6-0E0289E65F33}.Debug|x86.ActiveCfg = Debug|Any CPU
		{DF9A7BD8-896B-4362-99E6-0E0289E65F33}.Release|Any CPU.ActiveCfg = Release|Any CPU
		{DF9A7BD8-896B-4362-99E6-0E0289E65F33}.Release|Any CPU.Build.0 = Release|Any CPU
		{DF9A7BD8-896B-4362-99E6-0E0289E65F33}.Release|Mixed Platforms.ActiveCfg = Release|Any CPU
		{DF9A7BD8-896B-4362-99E6-0E0289E65F33}.Release|Mixed Platforms.Build.0 = Release|Any CPU
		{DF9A7BD8-896B-4362-99E6-0E0289E65F33}.Release|x86.ActiveCfg = Release|Any CPU
		{FC711AB7-8E88-419A-B280-90935C5A4DC2}.Debug|Any CPU.ActiveCfg = Debug|Any CPU
		{FC711AB7-8E88-419A-B280-90935C5A4DC2}.Debug|Any CPU.Build.0 = Debug|Any CPU
		{FC711AB7-8E88-419A-B280-90935C5A4DC2}.Debug|Mixed Platforms.ActiveCfg = Debug|Any CPU
		{FC711AB7-8E88-419A-B280-90935C5A4DC2}.Debug|Mixed Platforms.Build.0 = Debug|Any CPU
		{FC711AB7-8E88-419A-B280-90935C5A4DC2}.Debug|x86.ActiveCfg = Debug|Any CPU
		{FC711AB7-8E88-419A-B280-90935C5A4DC2}.Release|Any CPU.ActiveCfg = Release|Any CPU
		{FC711AB7-8E88-419A-B280-90935C5A4DC2}.Release|Any CPU.Build.0 = Release|Any CPU
		{FC711AB7-8E88-419A-B280-90935C5A4DC2}.Release|Mixed Platforms.ActiveCfg = Release|Any CPU
		{FC711AB7-8E88-419A-B280-90935C5A4DC2}.Release|Mixed Platforms.Build.0 = Release|Any CPU
		{FC711AB7-8E88-419A-B280-90935C5A4DC2}.Release|x86.ActiveCfg = Release|Any CPU
		{8659D34A-DF5E-4E80-B7D6-FA85F274D127}.Debug|Any CPU.ActiveCfg = Debug|x86
		{8659D34A-DF5E-4E80-B7D6-FA85F274D127}.Debug|Mixed Platforms.ActiveCfg = Debug|x86
		{8659D34A-DF5E-4E80-B7D6-FA85F274D127}.Debug|Mixed Platforms.Build.0 = Debug|x86
		{8659D34A-DF5E-4E80-B7D6-FA85F274D127}.Debug|x86.ActiveCfg = Debug|x86
		{8659D34A-DF5E-4E80-B7D6-FA85F274D127}.Debug|x86.Build.0 = Debug|x86
		{8659D34A-DF5E-4E80-B7D6-FA85F274D127}.Release|Any CPU.ActiveCfg = Release|x86
		{8659D34A-DF5E-4E80-B7D6-FA85F274D127}.Release|Mixed Platforms.ActiveCfg = Release|x86
		{8659D34A-DF5E-4E80-B7D6-FA85F274D127}.Release|Mixed Platforms.Build.0 = Release|x86
		{8659D34A-DF5E-4E80-B7D6-FA85F274D127}.Release|x86.ActiveCfg = Release|x86
		{8659D34A-DF5E-4E80-B7D6-FA85F274D127}.Release|x86.Build.0 = Release|x86
		{D6972075-D59C-4B89-8CF2-3E1B8B78D1FB}.Debug|Any CPU.ActiveCfg = Debug|x86
		{D6972075-D59C-4B89-8CF2-3E1B8B78D1FB}.Debug|Mixed Platforms.ActiveCfg = Debug|x86
		{D6972075-D59C-4B89-8CF2-3E1B8B78D1FB}.Debug|Mixed Platforms.Build.0 = Debug|x86
		{D6972075-D59C-4B89-8CF2-3E1B8B78D1FB}.Debug|x86.ActiveCfg = Debug|x86
		{D6972075-D59C-4B89-8CF2-3E1B8B78D1FB}.Debug|x86.Build.0 = Debug|x86
		{D6972075-D59C-4B89-8CF2-3E1B8B78D1FB}.Release|Any CPU.ActiveCfg = Release|x86
		{D6972075-D59C-4B89-8CF2-3E1B8B78D1FB}.Release|Mixed Platforms.ActiveCfg = Release|x86
		{D6972075-D59C-4B89-8CF2-3E1B8B78D1FB}.Release|Mixed Platforms.Build.0 = Release|x86
		{D6972075-D59C-4B89-8CF2-3E1B8B78D1FB}.Release|x86.ActiveCfg = Release|x86
		{D6972075-D59C-4B89-8CF2-3E1B8B78D1FB}.Release|x86.Build.0 = Release|x86
		{F9841EB6-952A-4622-BEAC-CB0035726E84}.Debug|Any CPU.ActiveCfg = Debug|x86
		{F9841EB6-952A-4622-BEAC-CB0035726E84}.Debug|Mixed Platforms.ActiveCfg = Debug|x86
		{F9841EB6-952A-4622-BEAC-CB0035726E84}.Debug|Mixed Platforms.Build.0 = Debug|x86
		{F9841EB6-952A-4622-BEAC-CB0035726E84}.Debug|x86.ActiveCfg = Debug|x86
		{F9841EB6-952A-4622-BEAC-CB0035726E84}.Debug|x86.Build.0 = Debug|x86
		{F9841EB6-952A-4622-BEAC-CB0035726E84}.Release|Any CPU.ActiveCfg = Release|x86
		{F9841EB6-952A-4622-BEAC-CB0035726E84}.Release|Mixed Platforms.ActiveCfg = Release|x86
		{F9841EB6-952A-4622-BEAC-CB0035726E84}.Release|Mixed Platforms.Build.0 = Release|x86
		{F9841EB6-952A-4622-BEAC-CB0035726E84}.Release|x86.ActiveCfg = Release|x86
		{F9841EB6-952A-4622-BEAC-CB0035726E84}.Release|x86.Build.0 = Release|x86
		{042BFF37-450F-4ECF-A345-EAA914AEBFAB}.Debug|Any CPU.ActiveCfg = Debug|x86
		{042BFF37-450F-4ECF-A345-EAA914AEBFAB}.Debug|Mixed Platforms.ActiveCfg = Debug|x86
		{042BFF37-450F-4ECF-A345-EAA914AEBFAB}.Debug|Mixed Platforms.Build.0 = Debug|x86
		{042BFF37-450F-4ECF-A345-EAA914AEBFAB}.Debug|x86.ActiveCfg = Debug|x86
		{042BFF37-450F-4ECF-A345-EAA914AEBFAB}.Debug|x86.Build.0 = Debug|x86
		{042BFF37-450F-4ECF-A345-EAA914AEBFAB}.Release|Any CPU.ActiveCfg = Release|x86
		{042BFF37-450F-4ECF-A345-EAA914AEBFAB}.Release|Mixed Platforms.ActiveCfg = Release|x86
		{042BFF37-450F-4ECF-A345-EAA914AEBFAB}.Release|Mixed Platforms.Build.0 = Release|x86
		{042BFF37-450F-4ECF-A345-EAA914AEBFAB}.Release|x86.ActiveCfg = Release|x86
		{042BFF37-450F-4ECF-A345-EAA914AEBFAB}.Release|x86.Build.0 = Release|x86
		{4CEF233B-B998-4A75-95F2-74EBC2AFC4E6}.Debug|Any CPU.ActiveCfg = Debug|x86
		{4CEF233B-B998-4A75-95F2-74EBC2AFC4E6}.Debug|Mixed Platforms.ActiveCfg = Debug|x86
		{4CEF233B-B998-4A75-95F2-74EBC2AFC4E6}.Debug|Mixed Platforms.Build.0 = Debug|x86
		{4CEF233B-B998-4A75-95F2-74EBC2AFC4E6}.Debug|x86.ActiveCfg = Debug|x86
		{4CEF233B-B998-4A75-95F2-74EBC2AFC4E6}.Debug|x86.Build.0 = Debug|x86
		{4CEF233B-B998-4A75-95F2-74EBC2AFC4E6}.Release|Any CPU.ActiveCfg = Release|x86
		{4CEF233B-B998-4A75-95F2-74EBC2AFC4E6}.Release|Mixed Platforms.ActiveCfg = Release|x86
		{4CEF233B-B998-4A75-95F2-74EBC2AFC4E6}.Release|Mixed Platforms.Build.0 = Release|x86
		{4CEF233B-B998-4A75-95F2-74EBC2AFC4E6}.Release|x86.ActiveCfg = Release|x86
		{4CEF233B-B998-4A75-95F2-74EBC2AFC4E6}.Release|x86.Build.0 = Release|x86
		{36D43B6F-C57F-418A-9A10-3407650145A7}.Debug|Any CPU.ActiveCfg = Debug|x86
		{36D43B6F-C57F-418A-9A10-3407650145A7}.Debug|Mixed Platforms.ActiveCfg = Debug|x86
		{36D43B6F-C57F-418A-9A10-3407650145A7}.Debug|Mixed Platforms.Build.0 = Debug|x86
		{36D43B6F-C57F-418A-9A10-3407650145A7}.Debug|x86.ActiveCfg = Debug|x86
		{36D43B6F-C57F-418A-9A10-3407650145A7}.Debug|x86.Build.0 = Debug|x86
		{36D43B6F-C57F-418A-9A10-3407650145A7}.Release|Any CPU.ActiveCfg = Release|x86
		{36D43B6F-C57F-418A-9A10-3407650145A7}.Release|Mixed Platforms.ActiveCfg = Release|x86
		{36D43B6F-C57F-418A-9A10-3407650145A7}.Release|Mixed Platforms.Build.0 = Release|x86
		{36D43B6F-C57F-418A-9A10-3407650145A7}.Release|x86.ActiveCfg = Release|x86
		{36D43B6F-C57F-418A-9A10-3407650145A7}.Release|x86.Build.0 = Release|x86
		{EA91F3E8-3204-4CFD-9D7D-70FB2594B930}.Debug|Any CPU.ActiveCfg = Debug|x86
		{EA91F3E8-3204-4CFD-9D7D-70FB2594B930}.Debug|Mixed Platforms.ActiveCfg = Debug|x86
		{EA91F3E8-3204-4CFD-9D7D-70FB2594B930}.Debug|Mixed Platforms.Build.0 = Debug|x86
		{EA91F3E8-3204-4CFD-9D7D-70FB2594B930}.Debug|x86.ActiveCfg = Debug|x86
		{EA91F3E8-3204-4CFD-9D7D-70FB2594B930}.Debug|x86.Build.0 = Debug|x86
		{EA91F3E8-3204-4CFD-9D7D-70FB2594B930}.Release|Any CPU.ActiveCfg = Release|x86
		{EA91F3E8-3204-4CFD-9D7D-70FB2594B930}.Release|Mixed Platforms.ActiveCfg = Release|x86
		{EA91F3E8-3204-4CFD-9D7D-70FB2594B930}.Release|Mixed Platforms.Build.0 = Release|x86
		{EA91F3E8-3204-4CFD-9D7D-70FB2594B930}.Release|x86.ActiveCfg = Release|x86
		{EA91F3E8-3204-4CFD-9D7D-70FB2594B930}.Release|x86.Build.0 = Release|x86
		{8F7341F5-960C-4BFC-BB32-FB7BF9C3520A}.Debug|Any CPU.ActiveCfg = Debug|x86
		{8F7341F5-960C-4BFC-BB32-FB7BF9C3520A}.Debug|Mixed Platforms.ActiveCfg = Debug|x86
		{8F7341F5-960C-4BFC-BB32-FB7BF9C3520A}.Debug|Mixed Platforms.Build.0 = Debug|x86
		{8F7341F5-960C-4BFC-BB32-FB7BF9C3520A}.Debug|x86.ActiveCfg = Debug|x86
		{8F7341F5-960C-4BFC-BB32-FB7BF9C3520A}.Debug|x86.Build.0 = Debug|x86
		{8F7341F5-960C-4BFC-BB32-FB7BF9C3520A}.Release|Any CPU.ActiveCfg = Release|x86
		{8F7341F5-960C-4BFC-BB32-FB7BF9C3520A}.Release|Mixed Platforms.ActiveCfg = Release|x86
		{8F7341F5-960C-4BFC-BB32-FB7BF9C3520A}.Release|Mixed Platforms.Build.0 = Release|x86
		{8F7341F5-960C-4BFC-BB32-FB7BF9C3520A}.Release|x86.ActiveCfg = Release|x86
		{8F7341F5-960C-4BFC-BB32-FB7BF9C3520A}.Release|x86.Build.0 = Release|x86
		{21B20B66-FED1-4E38-8926-1BC1ECB2EB53}.Debug|Any CPU.ActiveCfg = Debug|x86
		{21B20B66-FED1-4E38-8926-1BC1ECB2EB53}.Debug|Mixed Platforms.ActiveCfg = Debug|x86
		{21B20B66-FED1-4E38-8926-1BC1ECB2EB53}.Debug|Mixed Platforms.Build.0 = Debug|x86
		{21B20B66-FED1-4E38-8926-1BC1ECB2EB53}.Debug|x86.ActiveCfg = Debug|x86
		{21B20B66-FED1-4E38-8926-1BC1ECB2EB53}.Debug|x86.Build.0 = Debug|x86
		{21B20B66-FED1-4E38-8926-1BC1ECB2EB53}.Release|Any CPU.ActiveCfg = Release|x86
		{21B20B66-FED1-4E38-8926-1BC1ECB2EB53}.Release|Mixed Platforms.ActiveCfg = Release|x86
		{21B20B66-FED1-4E38-8926-1BC1ECB2EB53}.Release|Mixed Platforms.Build.0 = Release|x86
		{21B20B66-FED1-4E38-8926-1BC1ECB2EB53}.Release|x86.ActiveCfg = Release|x86
		{21B20B66-FED1-4E38-8926-1BC1ECB2EB53}.Release|x86.Build.0 = Release|x86
		{CABF039F-CA01-46BC-9F8E-F7D420A178F1}.Debug|Any CPU.ActiveCfg = Debug|x86
		{CABF039F-CA01-46BC-9F8E-F7D420A178F1}.Debug|Mixed Platforms.ActiveCfg = Debug|x86
		{CABF039F-CA01-46BC-9F8E-F7D420A178F1}.Debug|Mixed Platforms.Build.0 = Debug|x86
		{CABF039F-CA01-46BC-9F8E-F7D420A178F1}.Debug|x86.ActiveCfg = Debug|x86
		{CABF039F-CA01-46BC-9F8E-F7D420A178F1}.Debug|x86.Build.0 = Debug|x86
		{CABF039F-CA01-46BC-9F8E-F7D420A178F1}.Release|Any CPU.ActiveCfg = Release|x86
		{CABF039F-CA01-46BC-9F8E-F7D420A178F1}.Release|Mixed Platforms.ActiveCfg = Release|x86
		{CABF039F-CA01-46BC-9F8E-F7D420A178F1}.Release|Mixed Platforms.Build.0 = Release|x86
		{CABF039F-CA01-46BC-9F8E-F7D420A178F1}.Release|x86.ActiveCfg = Release|x86
		{CABF039F-CA01-46BC-9F8E-F7D420A178F1}.Release|x86.Build.0 = Release|x86
		{4BA47FF8-1237-4EEF-B600-96DD191DD123}.Debug|Any CPU.ActiveCfg = Debug|x86
		{4BA47FF8-1237-4EEF-B600-96DD191DD123}.Debug|Mixed Platforms.ActiveCfg = Debug|x86
		{4BA47FF8-1237-4EEF-B600-96DD191DD123}.Debug|Mixed Platforms.Build.0 = Debug|x86
		{4BA47FF8-1237-4EEF-B600-96DD191DD123}.Debug|x86.ActiveCfg = Debug|x86
		{4BA47FF8-1237-4EEF-B600-96DD191DD123}.Debug|x86.Build.0 = Debug|x86
		{4BA47FF8-1237-4EEF-B600-96DD191DD123}.Release|Any CPU.ActiveCfg = Release|x86
		{4BA47FF8-1237-4EEF-B600-96DD191DD123}.Release|Mixed Platforms.ActiveCfg = Release|x86
		{4BA47FF8-1237-4EEF-B600-96DD191DD123}.Release|Mixed Platforms.Build.0 = Release|x86
		{4BA47FF8-1237-4EEF-B600-96DD191DD123}.Release|x86.ActiveCfg = Release|x86
		{4BA47FF8-1237-4EEF-B600-96DD191DD123}.Release|x86.Build.0 = Release|x86
		{A6C7B22E-8408-4DF7-8E98-BFB423CF9264}.Debug|Any CPU.ActiveCfg = Debug|x86
		{A6C7B22E-8408-4DF7-8E98-BFB423CF9264}.Debug|Mixed Platforms.ActiveCfg = Debug|x86
		{A6C7B22E-8408-4DF7-8E98-BFB423CF9264}.Debug|Mixed Platforms.Build.0 = Debug|x86
		{A6C7B22E-8408-4DF7-8E98-BFB423CF9264}.Debug|x86.ActiveCfg = Debug|x86
		{A6C7B22E-8408-4DF7-8E98-BFB423CF9264}.Debug|x86.Build.0 = Debug|x86
		{A6C7B22E-8408-4DF7-8E98-BFB423CF9264}.Release|Any CPU.ActiveCfg = Release|x86
		{A6C7B22E-8408-4DF7-8E98-BFB423CF9264}.Release|Mixed Platforms.ActiveCfg = Release|x86
		{A6C7B22E-8408-4DF7-8E98-BFB423CF9264}.Release|Mixed Platforms.Build.0 = Release|x86
		{A6C7B22E-8408-4DF7-8E98-BFB423CF9264}.Release|x86.ActiveCfg = Release|x86
		{A6C7B22E-8408-4DF7-8E98-BFB423CF9264}.Release|x86.Build.0 = Release|x86
		{D05BDAF0-4BD0-455F-9870-21C57D5527F8}.Debug|Any CPU.ActiveCfg = Debug|x86
		{D05BDAF0-4BD0-455F-9870-21C57D5527F8}.Debug|Mixed Platforms.ActiveCfg = Debug|x86
		{D05BDAF0-4BD0-455F-9870-21C57D5527F8}.Debug|Mixed Platforms.Build.0 = Debug|x86
		{D05BDAF0-4BD0-455F-9870-21C57D5527F8}.Debug|x86.ActiveCfg = Debug|x86
		{D05BDAF0-4BD0-455F-9870-21C57D5527F8}.Debug|x86.Build.0 = Debug|x86
		{D05BDAF0-4BD0-455F-9870-21C57D5527F8}.Release|Any CPU.ActiveCfg = Release|x86
		{D05BDAF0-4BD0-455F-9870-21C57D5527F8}.Release|Mixed Platforms.ActiveCfg = Release|x86
		{D05BDAF0-4BD0-455F-9870-21C57D5527F8}.Release|Mixed Platforms.Build.0 = Release|x86
		{D05BDAF0-4BD0-455F-9870-21C57D5527F8}.Release|x86.ActiveCfg = Release|x86
		{D05BDAF0-4BD0-455F-9870-21C57D5527F8}.Release|x86.Build.0 = Release|x86
		{5DBCC465-ED39-4AF9-A777-E006D4F805A1}.Debug|Any CPU.ActiveCfg = Debug|x86
		{5DBCC465-ED39-4AF9-A777-E006D4F805A1}.Debug|Mixed Platforms.ActiveCfg = Debug|x86
		{5DBCC465-ED39-4AF9-A777-E006D4F805A1}.Debug|Mixed Platforms.Build.0 = Debug|x86
		{5DBCC465-ED39-4AF9-A777-E006D4F805A1}.Debug|x86.ActiveCfg = Debug|x86
		{5DBCC465-ED39-4AF9-A777-E006D4F805A1}.Debug|x86.Build.0 = Debug|x86
		{5DBCC465-ED39-4AF9-A777-E006D4F805A1}.Release|Any CPU.ActiveCfg = Release|x86
		{5DBCC465-ED39-4AF9-A777-E006D4F805A1}.Release|Mixed Platforms.ActiveCfg = Release|x86
		{5DBCC465-ED39-4AF9-A777-E006D4F805A1}.Release|Mixed Platforms.Build.0 = Release|x86
		{5DBCC465-ED39-4AF9-A777-E006D4F805A1}.Release|x86.ActiveCfg = Release|x86
		{5DBCC465-ED39-4AF9-A777-E006D4F805A1}.Release|x86.Build.0 = Release|x86
		{D655C6B1-AD88-4502-B321-582EB53D1CD5}.Debug|Any CPU.ActiveCfg = Debug|x86
		{D655C6B1-AD88-4502-B321-582EB53D1CD5}.Debug|Mixed Platforms.ActiveCfg = Debug|x86
		{D655C6B1-AD88-4502-B321-582EB53D1CD5}.Debug|Mixed Platforms.Build.0 = Debug|x86
		{D655C6B1-AD88-4502-B321-582EB53D1CD5}.Debug|x86.ActiveCfg = Debug|x86
		{D655C6B1-AD88-4502-B321-582EB53D1CD5}.Debug|x86.Build.0 = Debug|x86
		{D655C6B1-AD88-4502-B321-582EB53D1CD5}.Release|Any CPU.ActiveCfg = Release|x86
		{D655C6B1-AD88-4502-B321-582EB53D1CD5}.Release|Mixed Platforms.ActiveCfg = Release|x86
		{D655C6B1-AD88-4502-B321-582EB53D1CD5}.Release|Mixed Platforms.Build.0 = Release|x86
		{D655C6B1-AD88-4502-B321-582EB53D1CD5}.Release|x86.ActiveCfg = Release|x86
		{D655C6B1-AD88-4502-B321-582EB53D1CD5}.Release|x86.Build.0 = Release|x86
	EndGlobalSection
	GlobalSection(SolutionProperties) = preSolution
		HideSolutionNode = FALSE
	EndGlobalSection
EndGlobal
